
Microsoft Visual Studio Solution File, Format Version 11.00
# Visual Studio 2010
Project("{8BC9CEB8-8B4A-11D0-8D11-00A0C91BC942}") = "Client", "Client\Client.vcxproj", "{F9D32017-13B4-EAE8-CF1A-58DA6E6F3A7C}"
	ProjectSection(ProjectDependencies) = postProject
		{29AB3D3F-0097-945B-60FD-143C6D1434D0} = {29AB3D3F-0097-945B-60FD-143C6D1434D0}
	EndProjectSection
EndProject
Project("{8BC9CEB8-8B4A-11D0-8D11-00A0C91BC942}") = "Component", "Component\Component.vcxproj", "{29AB3D3F-0097-945B-60FD-143C6D1434D0}"
EndProject
Global
	GlobalSection(SolutionConfigurationPlatforms) = preSolution
		Debug|Win32 = Debug|Win32
		Debug|x64 = Debug|x64
		Release|Win32 = Release|Win32
		Release|x64 = Release|x64
	EndGlobalSection
	GlobalSection(ProjectConfigurationPlatforms) = postSolution
		{F9D32017-13B4-EAE8-CF1A-58DA6E6F3A7C}.Debug|Win32.ActiveCfg = Debug|Win32
		{F9D32017-13B4-EAE8-CF1A-58DA6E6F3A7C}.Debug|Win32.Build.0 = Debug|Win32
		{F9D32017-13B4-EAE8-CF1A-58DA6E6F3A7C}.Debug|x64.ActiveCfg = Debug|x64
		{F9D32017-13B4-EAE8-CF1A-58DA6E6F3A7C}.Release|Win32.ActiveCfg = Release|Win32
		{F9D32017-13B4-EAE8-CF1A-58DA6E6F3A7C}.Release|Win32.Build.0 = Release|Win32
		{F9D32017-13B4-EAE8-CF1A-58DA6E6F3A7C}.Release|x64.ActiveCfg = Release|x64
		{F9D32017-13B4-EAE8-CF1A-58DA6E6F3A7C}.Release|x64.Build.0 = Release|x64
		{29AB3D3F-0097-945B-60FD-143C6D1434D0}.Debug|Win32.ActiveCfg = Debug|Win32
		{29AB3D3F-0097-945B-60FD-143C6D1434D0}.Debug|Win32.Build.0 = Debug|Win32
		{29AB3D3F-0097-945B-60FD-143C6D1434D0}.Debug|x64.ActiveCfg = Debug|x64
		{29AB3D3F-0097-945B-60FD-143C6D1434D0}.Debug|x64.Build.0 = Debug|x64
		{29AB3D3F-0097-945B-60FD-143C6D1434D0}.Release|Win32.ActiveCfg = Release|Win32
		{29AB3D3F-0097-945B-60FD-143C6D1434D0}.Release|Win32.Build.0 = Release|Win32
		{29AB3D3F-0097-945B-60FD-143C6D1434D0}.Release|x64.ActiveCfg = Release|x64
		{29AB3D3F-0097-945B-60FD-143C6D1434D0}.Release|x64.Build.0 = Release|x64
	EndGlobalSection
	GlobalSection(SolutionProperties) = preSolution
		HideSolutionNode = FALSE
	EndGlobalSection
EndGlobal
