
Microsoft Visual Studio Solution File, Format Version 11.00
# Visual Studio 2010
Project("{8BC9CEB8-8B4A-11D0-8D11-00A0C91BC942}") = "Device", "Device\Device.vcxproj", "{20220324-0000-0000-0000-20323400AA01}"
	ProjectSection(ProjectDependencies) = postProject
		{20220324-0000-0000-0000-10334500AA00} = {20220324-0000-0000-0000-10334500AA00}
	EndProjectSection
EndProject
Project("{8BC9CEB8-8B4A-11D0-8D11-00A0C91BC942}") = "wingraph", "..\include\wingraph\wingraph.vcxproj", "{20220324-0000-0000-0000-10334500AA00}"
EndProject
Project("{8BC9CEB8-8B4A-11D0-8D11-00A0C91BC942}") = "Ellipse", "Ellipse\Ellipse.vcxproj", "{20220324-0000-0000-0000-20323400AA02}"
EndProject
Project("{8BC9CEB8-8B4A-11D0-8D11-00A0C91BC942}") = "FrameWindow", "FrameWindow\FrameWindow.vcxproj", "{20220324-0000-0000-0000-20323400AA03}"
	ProjectSection(ProjectDependencies) = postProject
		{20220324-0000-0000-0000-10334500AA00} = {20220324-0000-0000-0000-10334500AA00}
	EndProjectSection
EndProject
Project("{8BC9CEB8-8B4A-11D0-8D11-00A0C91BC942}") = "WindowDC", "WindowDC\WindowDC.vcxproj", "{20220324-0000-0000-0000-20323400AA04}"
EndProject
Project("{8BC9CEB8-8B4A-11D0-8D11-00A0C91BC942}") = "WinPaint", "WinPaint\WinPaint.vcxproj", "{20220324-0000-0000-0000-20323400AA05}"
EndProject
Global
	GlobalSection(SolutionConfigurationPlatforms) = preSolution
		Debug ANSI|Win32 = Debug ANSI|Win32
		Debug ANSI|x64 = Debug ANSI|x64
		Debug|Win32 = Debug|Win32
		Debug|x64 = Debug|x64
		Release ANSI|Win32 = Release ANSI|Win32
		Release ANSI|x64 = Release ANSI|x64
		Release|Win32 = Release|Win32
		Release|x64 = Release|x64
	EndGlobalSection
	GlobalSection(ProjectConfigurationPlatforms) = postSolution
		{20220324-0000-0000-0000-20323400AA01}.Debug ANSI|Win32.ActiveCfg = Debug ANSI|Win32
		{20220324-0000-0000-0000-20323400AA01}.Debug ANSI|Win32.Build.0 = Debug ANSI|Win32
		{20220324-0000-0000-0000-20323400AA01}.Debug ANSI|x64.ActiveCfg = Debug ANSI|x64
		{20220324-0000-0000-0000-20323400AA01}.Debug ANSI|x64.Build.0 = Debug ANSI|x64
		{20220324-0000-0000-0000-20323400AA01}.Debug|Win32.ActiveCfg = Debug|Win32
		{20220324-0000-0000-0000-20323400AA01}.Debug|Win32.Build.0 = Debug|Win32
		{20220324-0000-0000-0000-20323400AA01}.Debug|x64.ActiveCfg = Debug|x64
		{20220324-0000-0000-0000-20323400AA01}.Debug|x64.Build.0 = Debug|x64
		{20220324-0000-0000-0000-20323400AA01}.Release ANSI|Win32.ActiveCfg = Release ANSI|Win32
		{20220324-0000-0000-0000-20323400AA01}.Release ANSI|Win32.Build.0 = Release ANSI|Win32
		{20220324-0000-0000-0000-20323400AA01}.Release ANSI|x64.ActiveCfg = Release ANSI|x64
		{20220324-0000-0000-0000-20323400AA01}.Release ANSI|x64.Build.0 = Release ANSI|x64
		{20220324-0000-0000-0000-20323400AA01}.Release|Win32.ActiveCfg = Release|Win32
		{20220324-0000-0000-0000-20323400AA01}.Release|Win32.Build.0 = Release|Win32
		{20220324-0000-0000-0000-20323400AA01}.Release|x64.ActiveCfg = Release|x64
		{20220324-0000-0000-0000-20323400AA01}.Release|x64.Build.0 = Release|x64
		{20220324-0000-0000-0000-10334500AA00}.Debug ANSI|Win32.ActiveCfg = Debug ANSI|Win32
		{20220324-0000-0000-0000-10334500AA00}.Debug ANSI|Win32.Build.0 = Debug ANSI|Win32
		{20220324-0000-0000-0000-10334500AA00}.Debug ANSI|x64.ActiveCfg = Debug ANSI|x64
		{20220324-0000-0000-0000-10334500AA00}.Debug ANSI|x64.Build.0 = Debug ANSI|x64
		{20220324-0000-0000-0000-10334500AA00}.Debug|Win32.ActiveCfg = Debug|Win32
		{20220324-0000-0000-0000-10334500AA00}.Debug|Win32.Build.0 = Debug|Win32
		{20220324-0000-0000-0000-10334500AA00}.Debug|x64.ActiveCfg = Debug|x64
		{20220324-0000-0000-0000-10334500AA00}.Debug|x64.Build.0 = Debug|x64
		{20220324-0000-0000-0000-10334500AA00}.Release ANSI|Win32.ActiveCfg = Release ANSI|Win32
		{20220324-0000-0000-0000-10334500AA00}.Release ANSI|Win32.Build.0 = Release ANSI|Win32
		{20220324-0000-0000-0000-10334500AA00}.Release ANSI|x64.ActiveCfg = Release ANSI|x64
		{20220324-0000-0000-0000-10334500AA00}.Release ANSI|x64.Build.0 = Release ANSI|x64
		{20220324-0000-0000-0000-10334500AA00}.Release|Win32.ActiveCfg = Release|Win32
		{20220324-0000-0000-0000-10334500AA00}.Release|Win32.Build.0 = Release|Win32
		{20220324-0000-0000-0000-10334500AA00}.Release|x64.ActiveCfg = Release|x64
		{20220324-0000-0000-0000-10334500AA00}.Release|x64.Build.0 = Release|x64
		{20220324-0000-0000-0000-20323400AA02}.Debug ANSI|Win32.ActiveCfg = Debug ANSI|Win32
		{20220324-0000-0000-0000-20323400AA02}.Debug ANSI|Win32.Build.0 = Debug ANSI|Win32
		{20220324-0000-0000-0000-20323400AA02}.Debug ANSI|x64.ActiveCfg = Debug ANSI|x64
		{20220324-0000-0000-0000-20323400AA02}.Debug ANSI|x64.Build.0 = Debug ANSI|x64
		{20220324-0000-0000-0000-20323400AA02}.Debug|Win32.ActiveCfg = Debug|Win32
		{20220324-0000-0000-0000-20323400AA02}.Debug|Win32.Build.0 = Debug|Win32
		{20220324-0000-0000-0000-20323400AA02}.Debug|x64.ActiveCfg = Debug|x64
		{20220324-0000-0000-0000-20323400AA02}.Debug|x64.Build.0 = Debug|x64
		{20220324-0000-0000-0000-20323400AA02}.Release ANSI|Win32.ActiveCfg = Release ANSI|Win32
		{20220324-0000-0000-0000-20323400AA02}.Release ANSI|Win32.Build.0 = Release ANSI|Win32
		{20220324-0000-0000-0000-20323400AA02}.Release ANSI|x64.ActiveCfg = Release ANSI|x64
		{20220324-0000-0000-0000-20323400AA02}.Release ANSI|x64.Build.0 = Release ANSI|x64
		{20220324-0000-0000-0000-20323400AA02}.Release|Win32.ActiveCfg = Release|Win32
		{20220324-0000-0000-0000-20323400AA02}.Release|Win32.Build.0 = Release|Win32
		{20220324-0000-0000-0000-20323400AA02}.Release|x64.ActiveCfg = Release|x64
		{20220324-0000-0000-0000-20323400AA02}.Release|x64.Build.0 = Release|x64
		{20220324-0000-0000-0000-20323400AA03}.Debug ANSI|Win32.ActiveCfg = Debug ANSI|Win32
		{20220324-0000-0000-0000-20323400AA03}.Debug ANSI|Win32.Build.0 = Debug ANSI|Win32
		{20220324-0000-0000-0000-20323400AA03}.Debug ANSI|x64.ActiveCfg = Debug ANSI|x64
		{20220324-0000-0000-0000-20323400AA03}.Debug ANSI|x64.Build.0 = Debug ANSI|x64
		{20220324-0000-0000-0000-20323400AA03}.Debug|Win32.ActiveCfg = Debug|Win32
		{20220324-0000-0000-0000-20323400AA03}.Debug|Win32.Build.0 = Debug|Win32
		{20220324-0000-0000-0000-20323400AA03}.Debug|x64.ActiveCfg = Debug|x64
		{20220324-0000-0000-0000-20323400AA03}.Debug|x64.Build.0 = Debug|x64
		{20220324-0000-0000-0000-20323400AA03}.Release ANSI|Win32.ActiveCfg = Release ANSI|Win32
		{20220324-0000-0000-0000-20323400AA03}.Release ANSI|Win32.Build.0 = Release ANSI|Win32
		{20220324-0000-0000-0000-20323400AA03}.Release ANSI|x64.ActiveCfg = Release ANSI|x64
		{20220324-0000-0000-0000-20323400AA03}.Release ANSI|x64.Build.0 = Release ANSI|x64
		{20220324-0000-0000-0000-20323400AA03}.Release|Win32.ActiveCfg = Release|Win32
		{20220324-0000-0000-0000-20323400AA03}.Release|Win32.Build.0 = Release|Win32
		{20220324-0000-0000-0000-20323400AA03}.Release|x64.ActiveCfg = Release|x64
		{20220324-0000-0000-0000-20323400AA03}.Release|x64.Build.0 = Release|x64
		{20220324-0000-0000-0000-20323400AA04}.Debug ANSI|Win32.ActiveCfg = Debug ANSI|Win32
		{20220324-0000-0000-0000-20323400AA04}.Debug ANSI|Win32.Build.0 = Debug ANSI|Win32
		{20220324-0000-0000-0000-20323400AA04}.Debug ANSI|x64.ActiveCfg = Debug ANSI|x64
		{20220324-0000-0000-0000-20323400AA04}.Debug ANSI|x64.Build.0 = Debug ANSI|x64
		{20220324-0000-0000-0000-20323400AA04}.Debug|Win32.ActiveCfg = Debug|Win32
		{20220324-0000-0000-0000-20323400AA04}.Debug|Win32.Build.0 = Debug|Win32
		{20220324-0000-0000-0000-20323400AA04}.Debug|x64.ActiveCfg = Debug|x64
		{20220324-0000-0000-0000-20323400AA04}.Debug|x64.Build.0 = Debug|x64
		{20220324-0000-0000-0000-20323400AA04}.Release ANSI|Win32.ActiveCfg = Release ANSI|Win32
		{20220324-0000-0000-0000-20323400AA04}.Release ANSI|Win32.Build.0 = Release ANSI|Win32
		{20220324-0000-0000-0000-20323400AA04}.Release ANSI|x64.ActiveCfg = Release ANSI|x64
		{20220324-0000-0000-0000-20323400AA04}.Release ANSI|x64.Build.0 = Release ANSI|x64
		{20220324-0000-0000-0000-20323400AA04}.Release|Win32.ActiveCfg = Release|Win32
		{20220324-0000-0000-0000-20323400AA04}.Release|Win32.Build.0 = Release|Win32
		{20220324-0000-0000-0000-20323400AA04}.Release|x64.ActiveCfg = Release|x64
		{20220324-0000-0000-0000-20323400AA04}.Release|x64.Build.0 = Release|x64
		{20220324-0000-0000-0000-20323400AA05}.Debug ANSI|Win32.ActiveCfg = Debug ANSI|Win32
		{20220324-0000-0000-0000-20323400AA05}.Debug ANSI|Win32.Build.0 = Debug ANSI|Win32
		{20220324-0000-0000-0000-20323400AA05}.Debug ANSI|x64.ActiveCfg = Debug ANSI|x64
		{20220324-0000-0000-0000-20323400AA05}.Debug ANSI|x64.Build.0 = Debug ANSI|x64
		{20220324-0000-0000-0000-20323400AA05}.Debug|Win32.ActiveCfg = Debug|Win32
		{20220324-0000-0000-0000-20323400AA05}.Debug|Win32.Build.0 = Debug|Win32
		{20220324-0000-0000-0000-20323400AA05}.Debug|x64.ActiveCfg = Debug|x64
		{20220324-0000-0000-0000-20323400AA05}.Debug|x64.Build.0 = Debug|x64
		{20220324-0000-0000-0000-20323400AA05}.Release ANSI|Win32.ActiveCfg = Release ANSI|Win32
		{20220324-0000-0000-0000-20323400AA05}.Release ANSI|Win32.Build.0 = Release ANSI|Win32
		{20220324-0000-0000-0000-20323400AA05}.Release ANSI|x64.ActiveCfg = Release ANSI|x64
		{20220324-0000-0000-0000-20323400AA05}.Release ANSI|x64.Build.0 = Release ANSI|x64
		{20220324-0000-0000-0000-20323400AA05}.Release|Win32.ActiveCfg = Release|Win32
		{20220324-0000-0000-0000-20323400AA05}.Release|Win32.Build.0 = Release|Win32
		{20220324-0000-0000-0000-20323400AA05}.Release|x64.ActiveCfg = Release|x64
		{20220324-0000-0000-0000-20323400AA05}.Release|x64.Build.0 = Release|x64
	EndGlobalSection
	GlobalSection(SolutionProperties) = preSolution
		HideSolutionNode = FALSE
	EndGlobalSection
EndGlobal
