
Microsoft Visual Studio Solution File, Format Version 11.00
# Visual Studio 2010
Project("{8BC9CEB8-8B4A-11D0-8D11-00A0C91BC942}") = "DX9P-Chap6-1", "Chapter6_Tutorial1\Chapter6_Tutorial1.vcxproj", "{20251224-0000-0000-0000-053139000001}"
EndProject
Project("{8BC9CEB8-8B4A-11D0-8D11-00A0C91BC942}") = "BookCommon", "..\BookCommon\BookCommon.vcxproj", "{20251115-0000-0000-0000-092344000001}"
EndProject
Project("{8BC9CEB8-8B4A-11D0-8D11-00A0C91BC942}") = "DX9P-Chap6-1a", "Chapter6_Tutorial1a\Chapter6_Tutorial1a.vcxproj", "{20251224-0000-0000-0000-070858000001}"
EndProject
Project("{8BC9CEB8-8B4A-11D0-8D11-00A0C91BC942}") = "DX9P-Chap6-1a-chj", "Chapter6_Tutorial1a_chj\Chapter6_Tutorial1a_chj.vcxproj", "{20251224-0000-0000-0000-091924000001}"
EndProject
Project("{8BC9CEB8-8B4A-11D0-8D11-00A0C91BC942}") = "lib_mm_snprintf", "..\..\__chjcxx\mm_snprintf\vs2010_proj\lib_mm_snprintf\lib_mm_snprintf.vcxproj", "{A33FD2BA-B4AE-4C44-A512-201802230000}"
EndProject
Project("{8BC9CEB8-8B4A-11D0-8D11-00A0C91BC942}") = "DX9P-Chap6-2", "Chapter6_Tutorial2\Chapter6_Tutorial2.vcxproj", "{20251224-0000-0000-0000-185703000001}"
EndProject
Project("{8BC9CEB8-8B4A-11D0-8D11-00A0C91BC942}") = "DX9P-Chap6-2a", "Chapter6_Tutorial2a\Chapter6_Tutorial2a.vcxproj", "{20251224-0000-0000-0000-190903000001}"
EndProject
Global
	GlobalSection(SolutionConfigurationPlatforms) = preSolution
		Debug ANSI|Win32 = Debug ANSI|Win32
		Debug ANSI|x64 = Debug ANSI|x64
		Debug|Win32 = Debug|Win32
		Debug|x64 = Debug|x64
		Release ANSI|Win32 = Release ANSI|Win32
		Release ANSI|x64 = Release ANSI|x64
		Release|Win32 = Release|Win32
		Release|x64 = Release|x64
	EndGlobalSection
	GlobalSection(ProjectConfigurationPlatforms) = postSolution
		{20251224-0000-0000-0000-053139000001}.Debug ANSI|Win32.ActiveCfg = Debug ANSI|Win32
		{20251224-0000-0000-0000-053139000001}.Debug ANSI|Win32.Build.0 = Debug ANSI|Win32
		{20251224-0000-0000-0000-053139000001}.Debug ANSI|x64.ActiveCfg = Debug ANSI|x64
		{20251224-0000-0000-0000-053139000001}.Debug ANSI|x64.Build.0 = Debug ANSI|x64
		{20251224-0000-0000-0000-053139000001}.Debug|Win32.ActiveCfg = Debug|Win32
		{20251224-0000-0000-0000-053139000001}.Debug|Win32.Build.0 = Debug|Win32
		{20251224-0000-0000-0000-053139000001}.Debug|x64.ActiveCfg = Debug|x64
		{20251224-0000-0000-0000-053139000001}.Debug|x64.Build.0 = Debug|x64
		{20251224-0000-0000-0000-053139000001}.Release ANSI|Win32.ActiveCfg = Release ANSI|Win32
		{20251224-0000-0000-0000-053139000001}.Release ANSI|Win32.Build.0 = Release ANSI|Win32
		{20251224-0000-0000-0000-053139000001}.Release ANSI|x64.ActiveCfg = Release ANSI|x64
		{20251224-0000-0000-0000-053139000001}.Release ANSI|x64.Build.0 = Release ANSI|x64
		{20251224-0000-0000-0000-053139000001}.Release|Win32.ActiveCfg = Release|Win32
		{20251224-0000-0000-0000-053139000001}.Release|Win32.Build.0 = Release|Win32
		{20251224-0000-0000-0000-053139000001}.Release|x64.ActiveCfg = Release|x64
		{20251224-0000-0000-0000-053139000001}.Release|x64.Build.0 = Release|x64
		{20251115-0000-0000-0000-092344000001}.Debug ANSI|Win32.ActiveCfg = Debug ANSI|Win32
		{20251115-0000-0000-0000-092344000001}.Debug ANSI|Win32.Build.0 = Debug ANSI|Win32
		{20251115-0000-0000-0000-092344000001}.Debug ANSI|x64.ActiveCfg = Debug ANSI|x64
		{20251115-0000-0000-0000-092344000001}.Debug ANSI|x64.Build.0 = Debug ANSI|x64
		{20251115-0000-0000-0000-092344000001}.Debug|Win32.ActiveCfg = Debug|Win32
		{20251115-0000-0000-0000-092344000001}.Debug|Win32.Build.0 = Debug|Win32
		{20251115-0000-0000-0000-092344000001}.Debug|x64.ActiveCfg = Debug|x64
		{20251115-0000-0000-0000-092344000001}.Debug|x64.Build.0 = Debug|x64
		{20251115-0000-0000-0000-092344000001}.Release ANSI|Win32.ActiveCfg = Release ANSI|Win32
		{20251115-0000-0000-0000-092344000001}.Release ANSI|Win32.Build.0 = Release ANSI|Win32
		{20251115-0000-0000-0000-092344000001}.Release ANSI|x64.ActiveCfg = Release ANSI|x64
		{20251115-0000-0000-0000-092344000001}.Release ANSI|x64.Build.0 = Release ANSI|x64
		{20251115-0000-0000-0000-092344000001}.Release|Win32.ActiveCfg = Release|Win32
		{20251115-0000-0000-0000-092344000001}.Release|Win32.Build.0 = Release|Win32
		{20251115-0000-0000-0000-092344000001}.Release|x64.ActiveCfg = Release|x64
		{20251115-0000-0000-0000-092344000001}.Release|x64.Build.0 = Release|x64
		{20251224-0000-0000-0000-070858000001}.Debug ANSI|Win32.ActiveCfg = Debug ANSI|Win32
		{20251224-0000-0000-0000-070858000001}.Debug ANSI|Win32.Build.0 = Debug ANSI|Win32
		{20251224-0000-0000-0000-070858000001}.Debug ANSI|x64.ActiveCfg = Debug ANSI|x64
		{20251224-0000-0000-0000-070858000001}.Debug ANSI|x64.Build.0 = Debug ANSI|x64
		{20251224-0000-0000-0000-070858000001}.Debug|Win32.ActiveCfg = Debug|Win32
		{20251224-0000-0000-0000-070858000001}.Debug|Win32.Build.0 = Debug|Win32
		{20251224-0000-0000-0000-070858000001}.Debug|x64.ActiveCfg = Debug|x64
		{20251224-0000-0000-0000-070858000001}.Debug|x64.Build.0 = Debug|x64
		{20251224-0000-0000-0000-070858000001}.Release ANSI|Win32.ActiveCfg = Release ANSI|Win32
		{20251224-0000-0000-0000-070858000001}.Release ANSI|Win32.Build.0 = Release ANSI|Win32
		{20251224-0000-0000-0000-070858000001}.Release ANSI|x64.ActiveCfg = Release ANSI|x64
		{20251224-0000-0000-0000-070858000001}.Release ANSI|x64.Build.0 = Release ANSI|x64
		{20251224-0000-0000-0000-070858000001}.Release|Win32.ActiveCfg = Release|Win32
		{20251224-0000-0000-0000-070858000001}.Release|Win32.Build.0 = Release|Win32
		{20251224-0000-0000-0000-070858000001}.Release|x64.ActiveCfg = Release|x64
		{20251224-0000-0000-0000-070858000001}.Release|x64.Build.0 = Release|x64
		{20251224-0000-0000-0000-091924000001}.Debug ANSI|Win32.ActiveCfg = Debug ANSI|Win32
		{20251224-0000-0000-0000-091924000001}.Debug ANSI|Win32.Build.0 = Debug ANSI|Win32
		{20251224-0000-0000-0000-091924000001}.Debug ANSI|x64.ActiveCfg = Debug ANSI|x64
		{20251224-0000-0000-0000-091924000001}.Debug ANSI|x64.Build.0 = Debug ANSI|x64
		{20251224-0000-0000-0000-091924000001}.Debug|Win32.ActiveCfg = Debug|Win32
		{20251224-0000-0000-0000-091924000001}.Debug|Win32.Build.0 = Debug|Win32
		{20251224-0000-0000-0000-091924000001}.Debug|x64.ActiveCfg = Debug|x64
		{20251224-0000-0000-0000-091924000001}.Debug|x64.Build.0 = Debug|x64
		{20251224-0000-0000-0000-091924000001}.Release ANSI|Win32.ActiveCfg = Release ANSI|Win32
		{20251224-0000-0000-0000-091924000001}.Release ANSI|Win32.Build.0 = Release ANSI|Win32
		{20251224-0000-0000-0000-091924000001}.Release ANSI|x64.ActiveCfg = Release ANSI|x64
		{20251224-0000-0000-0000-091924000001}.Release ANSI|x64.Build.0 = Release ANSI|x64
		{20251224-0000-0000-0000-091924000001}.Release|Win32.ActiveCfg = Release|Win32
		{20251224-0000-0000-0000-091924000001}.Release|Win32.Build.0 = Release|Win32
		{20251224-0000-0000-0000-091924000001}.Release|x64.ActiveCfg = Release|x64
		{20251224-0000-0000-0000-091924000001}.Release|x64.Build.0 = Release|x64
		{A33FD2BA-B4AE-4C44-A512-201802230000}.Debug ANSI|Win32.ActiveCfg = Debug ANSI|Win32
		{A33FD2BA-B4AE-4C44-A512-201802230000}.Debug ANSI|Win32.Build.0 = Debug ANSI|Win32
		{A33FD2BA-B4AE-4C44-A512-201802230000}.Debug ANSI|x64.ActiveCfg = Debug ANSI|x64
		{A33FD2BA-B4AE-4C44-A512-201802230000}.Debug ANSI|x64.Build.0 = Debug ANSI|x64
		{A33FD2BA-B4AE-4C44-A512-201802230000}.Debug|Win32.ActiveCfg = Debug|Win32
		{A33FD2BA-B4AE-4C44-A512-201802230000}.Debug|Win32.Build.0 = Debug|Win32
		{A33FD2BA-B4AE-4C44-A512-201802230000}.Debug|x64.ActiveCfg = Debug|x64
		{A33FD2BA-B4AE-4C44-A512-201802230000}.Debug|x64.Build.0 = Debug|x64
		{A33FD2BA-B4AE-4C44-A512-201802230000}.Release ANSI|Win32.ActiveCfg = Release ANSI|Win32
		{A33FD2BA-B4AE-4C44-A512-201802230000}.Release ANSI|Win32.Build.0 = Release ANSI|Win32
		{A33FD2BA-B4AE-4C44-A512-201802230000}.Release ANSI|x64.ActiveCfg = Release ANSI|x64
		{A33FD2BA-B4AE-4C44-A512-201802230000}.Release ANSI|x64.Build.0 = Release ANSI|x64
		{A33FD2BA-B4AE-4C44-A512-201802230000}.Release|Win32.ActiveCfg = Release|Win32
		{A33FD2BA-B4AE-4C44-A512-201802230000}.Release|Win32.Build.0 = Release|Win32
		{A33FD2BA-B4AE-4C44-A512-201802230000}.Release|x64.ActiveCfg = Release|x64
		{A33FD2BA-B4AE-4C44-A512-201802230000}.Release|x64.Build.0 = Release|x64
		{20251224-0000-0000-0000-185703000001}.Debug ANSI|Win32.ActiveCfg = Debug ANSI|Win32
		{20251224-0000-0000-0000-185703000001}.Debug ANSI|Win32.Build.0 = Debug ANSI|Win32
		{20251224-0000-0000-0000-185703000001}.Debug ANSI|x64.ActiveCfg = Debug ANSI|x64
		{20251224-0000-0000-0000-185703000001}.Debug ANSI|x64.Build.0 = Debug ANSI|x64
		{20251224-0000-0000-0000-185703000001}.Debug|Win32.ActiveCfg = Debug|Win32
		{20251224-0000-0000-0000-185703000001}.Debug|Win32.Build.0 = Debug|Win32
		{20251224-0000-0000-0000-185703000001}.Debug|x64.ActiveCfg = Debug|x64
		{20251224-0000-0000-0000-185703000001}.Debug|x64.Build.0 = Debug|x64
		{20251224-0000-0000-0000-185703000001}.Release ANSI|Win32.ActiveCfg = Release ANSI|Win32
		{20251224-0000-0000-0000-185703000001}.Release ANSI|Win32.Build.0 = Release ANSI|Win32
		{20251224-0000-0000-0000-185703000001}.Release ANSI|x64.ActiveCfg = Release ANSI|x64
		{20251224-0000-0000-0000-185703000001}.Release ANSI|x64.Build.0 = Release ANSI|x64
		{20251224-0000-0000-0000-185703000001}.Release|Win32.ActiveCfg = Release|Win32
		{20251224-0000-0000-0000-185703000001}.Release|Win32.Build.0 = Release|Win32
		{20251224-0000-0000-0000-185703000001}.Release|x64.ActiveCfg = Release|x64
		{20251224-0000-0000-0000-185703000001}.Release|x64.Build.0 = Release|x64
		{20251224-0000-0000-0000-190903000001}.Debug ANSI|Win32.ActiveCfg = Debug ANSI|Win32
		{20251224-0000-0000-0000-190903000001}.Debug ANSI|Win32.Build.0 = Debug ANSI|Win32
		{20251224-0000-0000-0000-190903000001}.Debug ANSI|x64.ActiveCfg = Debug ANSI|x64
		{20251224-0000-0000-0000-190903000001}.Debug ANSI|x64.Build.0 = Debug ANSI|x64
		{20251224-0000-0000-0000-190903000001}.Debug|Win32.ActiveCfg = Debug|Win32
		{20251224-0000-0000-0000-190903000001}.Debug|Win32.Build.0 = Debug|Win32
		{20251224-0000-0000-0000-190903000001}.Debug|x64.ActiveCfg = Debug|x64
		{20251224-0000-0000-0000-190903000001}.Debug|x64.Build.0 = Debug|x64
		{20251224-0000-0000-0000-190903000001}.Release ANSI|Win32.ActiveCfg = Release ANSI|Win32
		{20251224-0000-0000-0000-190903000001}.Release ANSI|Win32.Build.0 = Release ANSI|Win32
		{20251224-0000-0000-0000-190903000001}.Release ANSI|x64.ActiveCfg = Release ANSI|x64
		{20251224-0000-0000-0000-190903000001}.Release ANSI|x64.Build.0 = Release ANSI|x64
		{20251224-0000-0000-0000-190903000001}.Release|Win32.ActiveCfg = Release|Win32
		{20251224-0000-0000-0000-190903000001}.Release|Win32.Build.0 = Release|Win32
		{20251224-0000-0000-0000-190903000001}.Release|x64.ActiveCfg = Release|x64
		{20251224-0000-0000-0000-190903000001}.Release|x64.Build.0 = Release|x64
	EndGlobalSection
	GlobalSection(SolutionProperties) = preSolution
		HideSolutionNode = FALSE
	EndGlobalSection
EndGlobal
