
Microsoft Visual Studio Solution File, Format Version 11.00
# Visual Studio 2010
Project("{8BC9CEB8-8B4A-11D0-8D11-00A0C91BC942}") = "BitBlt", "BitBlt\BitBlt.vcxproj", "{30897973-5EF1-43DB-8C39-5CD4791F00CC}"
EndProject
Project("{8BC9CEB8-8B4A-11D0-8D11-00A0C91BC942}") = "Stretch", "Stretch\Stretch.vcxproj", "{CA6C7DBA-61D9-E153-1B55-DDE1FAFB45C3}"
EndProject
Project("{8BC9CEB8-8B4A-11D0-8D11-00A0C91BC942}") = "Bricks1", "Bricks1\Bricks1.vcxproj", "{CDFB1D62-53C5-B093-CC2F-AD34B58BE60A}"
EndProject
Project("{8BC9CEB8-8B4A-11D0-8D11-00A0C91BC942}") = "Bricks2", "Bricks2\Bricks2.vcxproj", "{4FAD5E6C-7D4D-141D-FCF6-ADDB66B52BB1}"
EndProject
Project("{8BC9CEB8-8B4A-11D0-8D11-00A0C91BC942}") = "Bricks3", "Bricks3\Bricks3.vcxproj", "{B077BC0A-B9E8-1133-88C1-07EA59C41F74}"
EndProject
Project("{8BC9CEB8-8B4A-11D0-8D11-00A0C91BC942}") = "HelloBit", "HelloBit\HelloBit.vcxproj", "{1FF6251D-6895-FE44-016F-D4757261B164}"
EndProject
Project("{8BC9CEB8-8B4A-11D0-8D11-00A0C91BC942}") = "Sketch", "Sketch\Sketch.vcxproj", "{A498322F-90E9-3E26-3B89-A63CF379F558}"
EndProject
Project("{8BC9CEB8-8B4A-11D0-8D11-00A0C91BC942}") = "GrafMenu", "GrafMenu\GrafMenu.vcxproj", "{96C9E927-155D-04EF-9D23-350AF1507797}"
EndProject
Global
	GlobalSection(SolutionConfigurationPlatforms) = preSolution
		Debug|Win32 = Debug|Win32
		Debug|x64 = Debug|x64
		Release|Win32 = Release|Win32
		Release|x64 = Release|x64
	EndGlobalSection
	GlobalSection(ProjectConfigurationPlatforms) = postSolution
		{30897973-5EF1-43DB-8C39-5CD4791F00CC}.Debug|Win32.ActiveCfg = Debug|Win32
		{30897973-5EF1-43DB-8C39-5CD4791F00CC}.Debug|Win32.Build.0 = Debug|Win32
		{30897973-5EF1-43DB-8C39-5CD4791F00CC}.Debug|x64.ActiveCfg = Debug|x64
		{30897973-5EF1-43DB-8C39-5CD4791F00CC}.Debug|x64.Build.0 = Debug|x64
		{30897973-5EF1-43DB-8C39-5CD4791F00CC}.Release|Win32.ActiveCfg = Release|Win32
		{30897973-5EF1-43DB-8C39-5CD4791F00CC}.Release|Win32.Build.0 = Release|Win32
		{30897973-5EF1-43DB-8C39-5CD4791F00CC}.Release|x64.ActiveCfg = Release|x64
		{30897973-5EF1-43DB-8C39-5CD4791F00CC}.Release|x64.Build.0 = Release|x64
		{CA6C7DBA-61D9-E153-1B55-DDE1FAFB45C3}.Debug|Win32.ActiveCfg = Debug|Win32
		{CA6C7DBA-61D9-E153-1B55-DDE1FAFB45C3}.Debug|Win32.Build.0 = Debug|Win32
		{CA6C7DBA-61D9-E153-1B55-DDE1FAFB45C3}.Debug|x64.ActiveCfg = Debug|x64
		{CA6C7DBA-61D9-E153-1B55-DDE1FAFB45C3}.Debug|x64.Build.0 = Debug|x64
		{CA6C7DBA-61D9-E153-1B55-DDE1FAFB45C3}.Release|Win32.ActiveCfg = Release|Win32
		{CA6C7DBA-61D9-E153-1B55-DDE1FAFB45C3}.Release|Win32.Build.0 = Release|Win32
		{CA6C7DBA-61D9-E153-1B55-DDE1FAFB45C3}.Release|x64.ActiveCfg = Release|x64
		{CA6C7DBA-61D9-E153-1B55-DDE1FAFB45C3}.Release|x64.Build.0 = Release|x64
		{CDFB1D62-53C5-B093-CC2F-AD34B58BE60A}.Debug|Win32.ActiveCfg = Debug|Win32
		{CDFB1D62-53C5-B093-CC2F-AD34B58BE60A}.Debug|Win32.Build.0 = Debug|Win32
		{CDFB1D62-53C5-B093-CC2F-AD34B58BE60A}.Debug|x64.ActiveCfg = Debug|x64
		{CDFB1D62-53C5-B093-CC2F-AD34B58BE60A}.Debug|x64.Build.0 = Debug|x64
		{CDFB1D62-53C5-B093-CC2F-AD34B58BE60A}.Release|Win32.ActiveCfg = Release|Win32
		{CDFB1D62-53C5-B093-CC2F-AD34B58BE60A}.Release|Win32.Build.0 = Release|Win32
		{CDFB1D62-53C5-B093-CC2F-AD34B58BE60A}.Release|x64.ActiveCfg = Release|x64
		{CDFB1D62-53C5-B093-CC2F-AD34B58BE60A}.Release|x64.Build.0 = Release|x64
		{4FAD5E6C-7D4D-141D-FCF6-ADDB66B52BB1}.Debug|Win32.ActiveCfg = Debug|Win32
		{4FAD5E6C-7D4D-141D-FCF6-ADDB66B52BB1}.Debug|Win32.Build.0 = Debug|Win32
		{4FAD5E6C-7D4D-141D-FCF6-ADDB66B52BB1}.Debug|x64.ActiveCfg = Debug|x64
		{4FAD5E6C-7D4D-141D-FCF6-ADDB66B52BB1}.Debug|x64.Build.0 = Debug|x64
		{4FAD5E6C-7D4D-141D-FCF6-ADDB66B52BB1}.Release|Win32.ActiveCfg = Release|Win32
		{4FAD5E6C-7D4D-141D-FCF6-ADDB66B52BB1}.Release|Win32.Build.0 = Release|Win32
		{4FAD5E6C-7D4D-141D-FCF6-ADDB66B52BB1}.Release|x64.ActiveCfg = Release|x64
		{4FAD5E6C-7D4D-141D-FCF6-ADDB66B52BB1}.Release|x64.Build.0 = Release|x64
		{B077BC0A-B9E8-1133-88C1-07EA59C41F74}.Debug|Win32.ActiveCfg = Debug|Win32
		{B077BC0A-B9E8-1133-88C1-07EA59C41F74}.Debug|Win32.Build.0 = Debug|Win32
		{B077BC0A-B9E8-1133-88C1-07EA59C41F74}.Debug|x64.ActiveCfg = Debug|x64
		{B077BC0A-B9E8-1133-88C1-07EA59C41F74}.Debug|x64.Build.0 = Debug|x64
		{B077BC0A-B9E8-1133-88C1-07EA59C41F74}.Release|Win32.ActiveCfg = Release|Win32
		{B077BC0A-B9E8-1133-88C1-07EA59C41F74}.Release|Win32.Build.0 = Release|Win32
		{B077BC0A-B9E8-1133-88C1-07EA59C41F74}.Release|x64.ActiveCfg = Release|x64
		{B077BC0A-B9E8-1133-88C1-07EA59C41F74}.Release|x64.Build.0 = Release|x64
		{1FF6251D-6895-FE44-016F-D4757261B164}.Debug|Win32.ActiveCfg = Debug|Win32
		{1FF6251D-6895-FE44-016F-D4757261B164}.Debug|Win32.Build.0 = Debug|Win32
		{1FF6251D-6895-FE44-016F-D4757261B164}.Debug|x64.ActiveCfg = Debug|x64
		{1FF6251D-6895-FE44-016F-D4757261B164}.Debug|x64.Build.0 = Debug|x64
		{1FF6251D-6895-FE44-016F-D4757261B164}.Release|Win32.ActiveCfg = Release|Win32
		{1FF6251D-6895-FE44-016F-D4757261B164}.Release|Win32.Build.0 = Release|Win32
		{1FF6251D-6895-FE44-016F-D4757261B164}.Release|x64.ActiveCfg = Release|x64
		{1FF6251D-6895-FE44-016F-D4757261B164}.Release|x64.Build.0 = Release|x64
		{A498322F-90E9-3E26-3B89-A63CF379F558}.Debug|Win32.ActiveCfg = Debug|Win32
		{A498322F-90E9-3E26-3B89-A63CF379F558}.Debug|Win32.Build.0 = Debug|Win32
		{A498322F-90E9-3E26-3B89-A63CF379F558}.Debug|x64.ActiveCfg = Debug|x64
		{A498322F-90E9-3E26-3B89-A63CF379F558}.Debug|x64.Build.0 = Debug|x64
		{A498322F-90E9-3E26-3B89-A63CF379F558}.Release|Win32.ActiveCfg = Release|Win32
		{A498322F-90E9-3E26-3B89-A63CF379F558}.Release|Win32.Build.0 = Release|Win32
		{A498322F-90E9-3E26-3B89-A63CF379F558}.Release|x64.ActiveCfg = Release|x64
		{A498322F-90E9-3E26-3B89-A63CF379F558}.Release|x64.Build.0 = Release|x64
		{96C9E927-155D-04EF-9D23-350AF1507797}.Debug|Win32.ActiveCfg = Debug|Win32
		{96C9E927-155D-04EF-9D23-350AF1507797}.Debug|Win32.Build.0 = Debug|Win32
		{96C9E927-155D-04EF-9D23-350AF1507797}.Debug|x64.ActiveCfg = Debug|x64
		{96C9E927-155D-04EF-9D23-350AF1507797}.Debug|x64.Build.0 = Debug|x64
		{96C9E927-155D-04EF-9D23-350AF1507797}.Release|Win32.ActiveCfg = Release|Win32
		{96C9E927-155D-04EF-9D23-350AF1507797}.Release|Win32.Build.0 = Release|Win32
		{96C9E927-155D-04EF-9D23-350AF1507797}.Release|x64.ActiveCfg = Release|x64
		{96C9E927-155D-04EF-9D23-350AF1507797}.Release|x64.Build.0 = Release|x64
	EndGlobalSection
	GlobalSection(SolutionProperties) = preSolution
		HideSolutionNode = FALSE
	EndGlobalSection
EndGlobal
