
Microsoft Visual Studio Solution File, Format Version 12.00
# Visual Studio 14
VisualStudioVersion = 14.0.25420.1
MinimumVisualStudioVersion = 10.0.40219.1
Project("{8BC9CEB8-8B4A-11D0-8D11-00A0C91BC942}") = "DX9P-Chap1-Tut1", "Chapter1_Tutorial1\Chapter1_Tutorial1.vcxproj", "{20251111-0000-0000-0000-091659000001}"
EndProject
Project("{8BC9CEB8-8B4A-11D0-8D11-00A0C91BC942}") = "DX9P-Chap1-Tut1a", "Chapter1_Tutorial1a\Chapter1_Tutorial1a.vcxproj", "{20251113-0000-0000-0000-112217000001}"
EndProject
Global
	GlobalSection(SolutionConfigurationPlatforms) = preSolution
		Debug ANSI|ARM64 = Debug ANSI|ARM64
		Debug ANSI|ARM64EC = Debug ANSI|ARM64EC
		Debug ANSI|Win32 = Debug ANSI|Win32
		Debug ANSI|x64 = Debug ANSI|x64
		Debug|ARM64 = Debug|ARM64
		Debug|ARM64EC = Debug|ARM64EC
		Debug|Win32 = Debug|Win32
		Debug|x64 = Debug|x64
		Release ANSI|ARM64 = Release ANSI|ARM64
		Release ANSI|ARM64EC = Release ANSI|ARM64EC
		Release ANSI|Win32 = Release ANSI|Win32
		Release ANSI|x64 = Release ANSI|x64
		Release|ARM64 = Release|ARM64
		Release|ARM64EC = Release|ARM64EC
		Release|Win32 = Release|Win32
		Release|x64 = Release|x64
	EndGlobalSection
	GlobalSection(ProjectConfigurationPlatforms) = postSolution
		{20251111-0000-0000-0000-091659000001}.Debug ANSI|ARM64.ActiveCfg = Debug ANSI|ARM64
		{20251111-0000-0000-0000-091659000001}.Debug ANSI|ARM64.Build.0 = Debug ANSI|ARM64
		{20251111-0000-0000-0000-091659000001}.Debug ANSI|ARM64EC.ActiveCfg = Debug ANSI|ARM64EC
		{20251111-0000-0000-0000-091659000001}.Debug ANSI|ARM64EC.Build.0 = Debug ANSI|ARM64EC
		{20251111-0000-0000-0000-091659000001}.Debug ANSI|Win32.ActiveCfg = Debug ANSI|Win32
		{20251111-0000-0000-0000-091659000001}.Debug ANSI|Win32.Build.0 = Debug ANSI|Win32
		{20251111-0000-0000-0000-091659000001}.Debug ANSI|x64.ActiveCfg = Debug ANSI|x64
		{20251111-0000-0000-0000-091659000001}.Debug ANSI|x64.Build.0 = Debug ANSI|x64
		{20251111-0000-0000-0000-091659000001}.Debug|ARM64.ActiveCfg = Debug|ARM64
		{20251111-0000-0000-0000-091659000001}.Debug|ARM64.Build.0 = Debug|ARM64
		{20251111-0000-0000-0000-091659000001}.Debug|ARM64EC.ActiveCfg = Debug|ARM64EC
		{20251111-0000-0000-0000-091659000001}.Debug|ARM64EC.Build.0 = Debug|ARM64EC
		{20251111-0000-0000-0000-091659000001}.Debug|Win32.ActiveCfg = Debug|Win32
		{20251111-0000-0000-0000-091659000001}.Debug|Win32.Build.0 = Debug|Win32
		{20251111-0000-0000-0000-091659000001}.Debug|x64.ActiveCfg = Debug|x64
		{20251111-0000-0000-0000-091659000001}.Debug|x64.Build.0 = Debug|x64
		{20251111-0000-0000-0000-091659000001}.Release ANSI|ARM64.ActiveCfg = Release ANSI|ARM64
		{20251111-0000-0000-0000-091659000001}.Release ANSI|ARM64.Build.0 = Release ANSI|ARM64
		{20251111-0000-0000-0000-091659000001}.Release ANSI|ARM64EC.ActiveCfg = Release ANSI|ARM64EC
		{20251111-0000-0000-0000-091659000001}.Release ANSI|ARM64EC.Build.0 = Release ANSI|ARM64EC
		{20251111-0000-0000-0000-091659000001}.Release ANSI|Win32.ActiveCfg = Release ANSI|Win32
		{20251111-0000-0000-0000-091659000001}.Release ANSI|Win32.Build.0 = Release ANSI|Win32
		{20251111-0000-0000-0000-091659000001}.Release ANSI|x64.ActiveCfg = Release ANSI|x64
		{20251111-0000-0000-0000-091659000001}.Release ANSI|x64.Build.0 = Release ANSI|x64
		{20251111-0000-0000-0000-091659000001}.Release|ARM64.ActiveCfg = Release|ARM64
		{20251111-0000-0000-0000-091659000001}.Release|ARM64.Build.0 = Release|ARM64
		{20251111-0000-0000-0000-091659000001}.Release|ARM64EC.ActiveCfg = Release|ARM64EC
		{20251111-0000-0000-0000-091659000001}.Release|ARM64EC.Build.0 = Release|ARM64EC
		{20251111-0000-0000-0000-091659000001}.Release|Win32.ActiveCfg = Release|Win32
		{20251111-0000-0000-0000-091659000001}.Release|Win32.Build.0 = Release|Win32
		{20251111-0000-0000-0000-091659000001}.Release|x64.ActiveCfg = Release|x64
		{20251111-0000-0000-0000-091659000001}.Release|x64.Build.0 = Release|x64
		{20251113-0000-0000-0000-112217000001}.Debug ANSI|ARM64.ActiveCfg = Debug ANSI|ARM64
		{20251113-0000-0000-0000-112217000001}.Debug ANSI|ARM64.Build.0 = Debug ANSI|ARM64
		{20251113-0000-0000-0000-112217000001}.Debug ANSI|ARM64EC.ActiveCfg = Debug ANSI|ARM64EC
		{20251113-0000-0000-0000-112217000001}.Debug ANSI|ARM64EC.Build.0 = Debug ANSI|ARM64EC
		{20251113-0000-0000-0000-112217000001}.Debug ANSI|Win32.ActiveCfg = Debug ANSI|Win32
		{20251113-0000-0000-0000-112217000001}.Debug ANSI|Win32.Build.0 = Debug ANSI|Win32
		{20251113-0000-0000-0000-112217000001}.Debug ANSI|x64.ActiveCfg = Debug ANSI|x64
		{20251113-0000-0000-0000-112217000001}.Debug ANSI|x64.Build.0 = Debug ANSI|x64
		{20251113-0000-0000-0000-112217000001}.Debug|ARM64.ActiveCfg = Debug|ARM64
		{20251113-0000-0000-0000-112217000001}.Debug|ARM64.Build.0 = Debug|ARM64
		{20251113-0000-0000-0000-112217000001}.Debug|ARM64EC.ActiveCfg = Debug|ARM64EC
		{20251113-0000-0000-0000-112217000001}.Debug|ARM64EC.Build.0 = Debug|ARM64EC
		{20251113-0000-0000-0000-112217000001}.Debug|Win32.ActiveCfg = Debug|Win32
		{20251113-0000-0000-0000-112217000001}.Debug|Win32.Build.0 = Debug|Win32
		{20251113-0000-0000-0000-112217000001}.Debug|x64.ActiveCfg = Debug|x64
		{20251113-0000-0000-0000-112217000001}.Debug|x64.Build.0 = Debug|x64
		{20251113-0000-0000-0000-112217000001}.Release ANSI|ARM64.ActiveCfg = Release ANSI|ARM64
		{20251113-0000-0000-0000-112217000001}.Release ANSI|ARM64.Build.0 = Release ANSI|ARM64
		{20251113-0000-0000-0000-112217000001}.Release ANSI|ARM64EC.ActiveCfg = Release ANSI|ARM64EC
		{20251113-0000-0000-0000-112217000001}.Release ANSI|ARM64EC.Build.0 = Release ANSI|ARM64EC
		{20251113-0000-0000-0000-112217000001}.Release ANSI|Win32.ActiveCfg = Release ANSI|Win32
		{20251113-0000-0000-0000-112217000001}.Release ANSI|Win32.Build.0 = Release ANSI|Win32
		{20251113-0000-0000-0000-112217000001}.Release ANSI|x64.ActiveCfg = Release ANSI|x64
		{20251113-0000-0000-0000-112217000001}.Release ANSI|x64.Build.0 = Release ANSI|x64
		{20251113-0000-0000-0000-112217000001}.Release|ARM64.ActiveCfg = Release|ARM64
		{20251113-0000-0000-0000-112217000001}.Release|ARM64.Build.0 = Release|ARM64
		{20251113-0000-0000-0000-112217000001}.Release|ARM64EC.ActiveCfg = Release|ARM64EC
		{20251113-0000-0000-0000-112217000001}.Release|ARM64EC.Build.0 = Release|ARM64EC
		{20251113-0000-0000-0000-112217000001}.Release|Win32.ActiveCfg = Release|Win32
		{20251113-0000-0000-0000-112217000001}.Release|Win32.Build.0 = Release|Win32
		{20251113-0000-0000-0000-112217000001}.Release|x64.ActiveCfg = Release|x64
		{20251113-0000-0000-0000-112217000001}.Release|x64.Build.0 = Release|x64
	EndGlobalSection
	GlobalSection(SolutionProperties) = preSolution
		HideSolutionNode = FALSE
	EndGlobalSection
EndGlobal
