
Microsoft Visual Studio Solution File, Format Version 12.00
# Visual Studio 14
VisualStudioVersion = 14.0.25420.1
MinimumVisualStudioVersion = 10.0.40219.1
Project("{8BC9CEB8-8B4A-11D0-8D11-00A0C91BC942}") = "DX9P-Chap3-1", "Chapter3_Ex1\Chapter3_Ex1.vcxproj", "{20251121-0000-0000-0000-210451000001}"
EndProject
Project("{8BC9CEB8-8B4A-11D0-8D11-00A0C91BC942}") = "BookCommon", "BookCommon\BookCommon.vcxproj", "{20251115-0000-0000-0000-092344000001}"
EndProject
Project("{8BC9CEB8-8B4A-11D0-8D11-00A0C91BC942}") = "lib_mm_snprintf", "..\__chjcxx\mm_snprintf\vs2010_proj\lib_mm_snprintf\lib_mm_snprintf.vcxproj", "{A33FD2BA-B4AE-4C44-A512-201802230000}"
EndProject
Global
	GlobalSection(SolutionConfigurationPlatforms) = preSolution
		Debug ANSI|ARM64 = Debug ANSI|ARM64
		Debug ANSI|ARM64EC = Debug ANSI|ARM64EC
		Debug ANSI|x64 = Debug ANSI|x64
		Debug ANSI|x86 = Debug ANSI|x86
		Debug|ARM64 = Debug|ARM64
		Debug|ARM64EC = Debug|ARM64EC
		Debug|x64 = Debug|x64
		Debug|x86 = Debug|x86
		Release ANSI|ARM64 = Release ANSI|ARM64
		Release ANSI|ARM64EC = Release ANSI|ARM64EC
		Release ANSI|x64 = Release ANSI|x64
		Release ANSI|x86 = Release ANSI|x86
		Release|ARM64 = Release|ARM64
		Release|ARM64EC = Release|ARM64EC
		Release|x64 = Release|x64
		Release|x86 = Release|x86
	EndGlobalSection
	GlobalSection(ProjectConfigurationPlatforms) = postSolution
		{20251121-0000-0000-0000-210451000001}.Debug ANSI|ARM64.ActiveCfg = Debug ANSI|ARM64
		{20251121-0000-0000-0000-210451000001}.Debug ANSI|ARM64.Build.0 = Debug ANSI|ARM64
		{20251121-0000-0000-0000-210451000001}.Debug ANSI|ARM64EC.ActiveCfg = Debug ANSI|ARM64EC
		{20251121-0000-0000-0000-210451000001}.Debug ANSI|ARM64EC.Build.0 = Debug ANSI|ARM64EC
		{20251121-0000-0000-0000-210451000001}.Debug ANSI|x64.ActiveCfg = Debug ANSI|x64
		{20251121-0000-0000-0000-210451000001}.Debug ANSI|x64.Build.0 = Debug ANSI|x64
		{20251121-0000-0000-0000-210451000001}.Debug ANSI|x86.ActiveCfg = Debug ANSI|Win32
		{20251121-0000-0000-0000-210451000001}.Debug ANSI|x86.Build.0 = Debug ANSI|Win32
		{20251121-0000-0000-0000-210451000001}.Debug|ARM64.ActiveCfg = Debug|ARM64
		{20251121-0000-0000-0000-210451000001}.Debug|ARM64.Build.0 = Debug|ARM64
		{20251121-0000-0000-0000-210451000001}.Debug|ARM64EC.ActiveCfg = Debug|ARM64EC
		{20251121-0000-0000-0000-210451000001}.Debug|ARM64EC.Build.0 = Debug|ARM64EC
		{20251121-0000-0000-0000-210451000001}.Debug|x64.ActiveCfg = Debug|x64
		{20251121-0000-0000-0000-210451000001}.Debug|x64.Build.0 = Debug|x64
		{20251121-0000-0000-0000-210451000001}.Debug|x86.ActiveCfg = Debug|Win32
		{20251121-0000-0000-0000-210451000001}.Debug|x86.Build.0 = Debug|Win32
		{20251121-0000-0000-0000-210451000001}.Release ANSI|ARM64.ActiveCfg = Release ANSI|ARM64
		{20251121-0000-0000-0000-210451000001}.Release ANSI|ARM64.Build.0 = Release ANSI|ARM64
		{20251121-0000-0000-0000-210451000001}.Release ANSI|ARM64EC.ActiveCfg = Release ANSI|ARM64EC
		{20251121-0000-0000-0000-210451000001}.Release ANSI|ARM64EC.Build.0 = Release ANSI|ARM64EC
		{20251121-0000-0000-0000-210451000001}.Release ANSI|x64.ActiveCfg = Release ANSI|x64
		{20251121-0000-0000-0000-210451000001}.Release ANSI|x64.Build.0 = Release ANSI|x64
		{20251121-0000-0000-0000-210451000001}.Release ANSI|x86.ActiveCfg = Release ANSI|Win32
		{20251121-0000-0000-0000-210451000001}.Release ANSI|x86.Build.0 = Release ANSI|Win32
		{20251121-0000-0000-0000-210451000001}.Release|ARM64.ActiveCfg = Release|ARM64
		{20251121-0000-0000-0000-210451000001}.Release|ARM64.Build.0 = Release|ARM64
		{20251121-0000-0000-0000-210451000001}.Release|ARM64EC.ActiveCfg = Release|ARM64EC
		{20251121-0000-0000-0000-210451000001}.Release|ARM64EC.Build.0 = Release|ARM64EC
		{20251121-0000-0000-0000-210451000001}.Release|x64.ActiveCfg = Release|x64
		{20251121-0000-0000-0000-210451000001}.Release|x64.Build.0 = Release|x64
		{20251121-0000-0000-0000-210451000001}.Release|x86.ActiveCfg = Release|Win32
		{20251121-0000-0000-0000-210451000001}.Release|x86.Build.0 = Release|Win32
		{20251115-0000-0000-0000-092344000001}.Debug ANSI|ARM64.ActiveCfg = Debug ANSI|ARM64
		{20251115-0000-0000-0000-092344000001}.Debug ANSI|ARM64.Build.0 = Debug ANSI|ARM64
		{20251115-0000-0000-0000-092344000001}.Debug ANSI|ARM64EC.ActiveCfg = Debug ANSI|ARM64EC
		{20251115-0000-0000-0000-092344000001}.Debug ANSI|ARM64EC.Build.0 = Debug ANSI|ARM64EC
		{20251115-0000-0000-0000-092344000001}.Debug ANSI|x64.ActiveCfg = Debug ANSI|x64
		{20251115-0000-0000-0000-092344000001}.Debug ANSI|x64.Build.0 = Debug ANSI|x64
		{20251115-0000-0000-0000-092344000001}.Debug ANSI|x86.ActiveCfg = Debug ANSI|Win32
		{20251115-0000-0000-0000-092344000001}.Debug ANSI|x86.Build.0 = Debug ANSI|Win32
		{20251115-0000-0000-0000-092344000001}.Debug|ARM64.ActiveCfg = Debug|ARM64
		{20251115-0000-0000-0000-092344000001}.Debug|ARM64.Build.0 = Debug|ARM64
		{20251115-0000-0000-0000-092344000001}.Debug|ARM64EC.ActiveCfg = Debug|ARM64EC
		{20251115-0000-0000-0000-092344000001}.Debug|ARM64EC.Build.0 = Debug|ARM64EC
		{20251115-0000-0000-0000-092344000001}.Debug|x64.ActiveCfg = Debug|x64
		{20251115-0000-0000-0000-092344000001}.Debug|x64.Build.0 = Debug|x64
		{20251115-0000-0000-0000-092344000001}.Debug|x86.ActiveCfg = Debug|Win32
		{20251115-0000-0000-0000-092344000001}.Debug|x86.Build.0 = Debug|Win32
		{20251115-0000-0000-0000-092344000001}.Release ANSI|ARM64.ActiveCfg = Release ANSI|ARM64
		{20251115-0000-0000-0000-092344000001}.Release ANSI|ARM64.Build.0 = Release ANSI|ARM64
		{20251115-0000-0000-0000-092344000001}.Release ANSI|ARM64EC.ActiveCfg = Release ANSI|ARM64EC
		{20251115-0000-0000-0000-092344000001}.Release ANSI|ARM64EC.Build.0 = Release ANSI|ARM64EC
		{20251115-0000-0000-0000-092344000001}.Release ANSI|x64.ActiveCfg = Release ANSI|x64
		{20251115-0000-0000-0000-092344000001}.Release ANSI|x64.Build.0 = Release ANSI|x64
		{20251115-0000-0000-0000-092344000001}.Release ANSI|x86.ActiveCfg = Release ANSI|Win32
		{20251115-0000-0000-0000-092344000001}.Release ANSI|x86.Build.0 = Release ANSI|Win32
		{20251115-0000-0000-0000-092344000001}.Release|ARM64.ActiveCfg = Release|ARM64
		{20251115-0000-0000-0000-092344000001}.Release|ARM64.Build.0 = Release|ARM64
		{20251115-0000-0000-0000-092344000001}.Release|ARM64EC.ActiveCfg = Release|ARM64EC
		{20251115-0000-0000-0000-092344000001}.Release|ARM64EC.Build.0 = Release|ARM64EC
		{20251115-0000-0000-0000-092344000001}.Release|x64.ActiveCfg = Release|x64
		{20251115-0000-0000-0000-092344000001}.Release|x64.Build.0 = Release|x64
		{20251115-0000-0000-0000-092344000001}.Release|x86.ActiveCfg = Release|Win32
		{20251115-0000-0000-0000-092344000001}.Release|x86.Build.0 = Release|Win32
		{A33FD2BA-B4AE-4C44-A512-201802230000}.Debug ANSI|ARM64.ActiveCfg = Debug ANSI|ARM64
		{A33FD2BA-B4AE-4C44-A512-201802230000}.Debug ANSI|ARM64.Build.0 = Debug ANSI|ARM64
		{A33FD2BA-B4AE-4C44-A512-201802230000}.Debug ANSI|ARM64EC.ActiveCfg = Debug ANSI|ARM64EC
		{A33FD2BA-B4AE-4C44-A512-201802230000}.Debug ANSI|ARM64EC.Build.0 = Debug ANSI|ARM64EC
		{A33FD2BA-B4AE-4C44-A512-201802230000}.Debug ANSI|x64.ActiveCfg = Debug ANSI|x64
		{A33FD2BA-B4AE-4C44-A512-201802230000}.Debug ANSI|x64.Build.0 = Debug ANSI|x64
		{A33FD2BA-B4AE-4C44-A512-201802230000}.Debug ANSI|x86.ActiveCfg = Debug ANSI|Win32
		{A33FD2BA-B4AE-4C44-A512-201802230000}.Debug ANSI|x86.Build.0 = Debug ANSI|Win32
		{A33FD2BA-B4AE-4C44-A512-201802230000}.Debug|ARM64.ActiveCfg = Debug|ARM64
		{A33FD2BA-B4AE-4C44-A512-201802230000}.Debug|ARM64.Build.0 = Debug|ARM64
		{A33FD2BA-B4AE-4C44-A512-201802230000}.Debug|ARM64EC.ActiveCfg = Debug|ARM64EC
		{A33FD2BA-B4AE-4C44-A512-201802230000}.Debug|ARM64EC.Build.0 = Debug|ARM64EC
		{A33FD2BA-B4AE-4C44-A512-201802230000}.Debug|x64.ActiveCfg = Debug|x64
		{A33FD2BA-B4AE-4C44-A512-201802230000}.Debug|x64.Build.0 = Debug|x64
		{A33FD2BA-B4AE-4C44-A512-201802230000}.Debug|x86.ActiveCfg = Debug|Win32
		{A33FD2BA-B4AE-4C44-A512-201802230000}.Debug|x86.Build.0 = Debug|Win32
		{A33FD2BA-B4AE-4C44-A512-201802230000}.Release ANSI|ARM64.ActiveCfg = Release ANSI|ARM64
		{A33FD2BA-B4AE-4C44-A512-201802230000}.Release ANSI|ARM64.Build.0 = Release ANSI|ARM64
		{A33FD2BA-B4AE-4C44-A512-201802230000}.Release ANSI|ARM64EC.ActiveCfg = Release ANSI|ARM64EC
		{A33FD2BA-B4AE-4C44-A512-201802230000}.Release ANSI|ARM64EC.Build.0 = Release ANSI|ARM64EC
		{A33FD2BA-B4AE-4C44-A512-201802230000}.Release ANSI|x64.ActiveCfg = Release ANSI|x64
		{A33FD2BA-B4AE-4C44-A512-201802230000}.Release ANSI|x64.Build.0 = Release ANSI|x64
		{A33FD2BA-B4AE-4C44-A512-201802230000}.Release ANSI|x86.ActiveCfg = Release ANSI|Win32
		{A33FD2BA-B4AE-4C44-A512-201802230000}.Release ANSI|x86.Build.0 = Release ANSI|Win32
		{A33FD2BA-B4AE-4C44-A512-201802230000}.Release|ARM64.ActiveCfg = Release|ARM64
		{A33FD2BA-B4AE-4C44-A512-201802230000}.Release|ARM64.Build.0 = Release|ARM64
		{A33FD2BA-B4AE-4C44-A512-201802230000}.Release|ARM64EC.ActiveCfg = Release|ARM64EC
		{A33FD2BA-B4AE-4C44-A512-201802230000}.Release|ARM64EC.Build.0 = Release|ARM64EC
		{A33FD2BA-B4AE-4C44-A512-201802230000}.Release|x64.ActiveCfg = Release|x64
		{A33FD2BA-B4AE-4C44-A512-201802230000}.Release|x64.Build.0 = Release|x64
		{A33FD2BA-B4AE-4C44-A512-201802230000}.Release|x86.ActiveCfg = Release|Win32
		{A33FD2BA-B4AE-4C44-A512-201802230000}.Release|x86.Build.0 = Release|Win32
	EndGlobalSection
	GlobalSection(SolutionProperties) = preSolution
		HideSolutionNode = FALSE
	EndGlobalSection
EndGlobal
