
Microsoft Visual Studio Solution File, Format Version 11.00
# Visual Studio 2010
Project("{8BC9CEB8-8B4A-11D0-8D11-00A0C91BC942}") = "Grays3x", "Gray3x\Grays3x.vcxproj", "{62BE8061-0FDF-6CDD-881F-1038644C80BF}"
EndProject
Global
	GlobalSection(SolutionConfigurationPlatforms) = preSolution
		Debug|Win32 = Debug|Win32
		Debug|x64 = Debug|x64
		Release|Win32 = Release|Win32
		Release|x64 = Release|x64
	EndGlobalSection
	GlobalSection(ProjectConfigurationPlatforms) = postSolution
		{62BE8061-0FDF-6CDD-881F-1038644C80BF}.Debug|Win32.ActiveCfg = Debug|Win32
		{62BE8061-0FDF-6CDD-881F-1038644C80BF}.Debug|Win32.Build.0 = Debug|Win32
		{62BE8061-0FDF-6CDD-881F-1038644C80BF}.Debug|x64.ActiveCfg = Debug|x64
		{62BE8061-0FDF-6CDD-881F-1038644C80BF}.Debug|x64.Build.0 = Debug|x64
		{62BE8061-0FDF-6CDD-881F-1038644C80BF}.Release|Win32.ActiveCfg = Release|Win32
		{62BE8061-0FDF-6CDD-881F-1038644C80BF}.Release|Win32.Build.0 = Release|Win32
		{62BE8061-0FDF-6CDD-881F-1038644C80BF}.Release|x64.ActiveCfg = Release|x64
		{62BE8061-0FDF-6CDD-881F-1038644C80BF}.Release|x64.Build.0 = Release|x64
	EndGlobalSection
	GlobalSection(SolutionProperties) = preSolution
		HideSolutionNode = FALSE
	EndGlobalSection
EndGlobal
