
Microsoft Visual Studio Solution File, Format Version 11.00
# Visual Studio 2010
Project("{8BC9CEB8-8B4A-11D0-8D11-00A0C91BC942}") = "09-1 BtnLook-Title", "BtnLook-Title\BtnLook-Title.vcxproj", "{20241208-0000-0000-0000-213004000001}"
EndProject
Project("{8BC9CEB8-8B4A-11D0-8D11-00A0C91BC942}") = "09-2 OwnDraw", "OwnDraw\OwnDraw.vcxproj", "{20241213-0000-0000-0000-184014000001}"
EndProject
Project("{8BC9CEB8-8B4A-11D0-8D11-00A0C91BC942}") = "09-3 Colors1", "Colors1\Colors1.vcxproj", "{20241213-0000-0000-0000-203937000001}"
EndProject
Project("{8BC9CEB8-8B4A-11D0-8D11-00A0C91BC942}") = "09-4 PopPad1", "PopPad1\PopPad1.vcxproj", "{20241214-0000-0000-0000-092950000001}"
EndProject
Project("{8BC9CEB8-8B4A-11D0-8D11-00A0C91BC942}") = "09-5 Environ", "Environ\Environ.vcxproj", "{20241214-0000-0000-0000-120536000001}"
EndProject
Project("{8BC9CEB8-8B4A-11D0-8D11-00A0C91BC942}") = "09-6 head", "head\head.vcxproj", "{20241214-0000-0000-0000-184010000001}"
EndProject
Global
	GlobalSection(SolutionConfigurationPlatforms) = preSolution
		Debug ANSI|Win32 = Debug ANSI|Win32
		Debug ANSI|x64 = Debug ANSI|x64
		Debug|Win32 = Debug|Win32
		Debug|x64 = Debug|x64
		Release ANSI|Win32 = Release ANSI|Win32
		Release ANSI|x64 = Release ANSI|x64
		Release|Win32 = Release|Win32
		Release|x64 = Release|x64
	EndGlobalSection
	GlobalSection(ProjectConfigurationPlatforms) = postSolution
		{20241208-0000-0000-0000-213004000001}.Debug ANSI|Win32.ActiveCfg = Debug ANSI|Win32
		{20241208-0000-0000-0000-213004000001}.Debug ANSI|Win32.Build.0 = Debug ANSI|Win32
		{20241208-0000-0000-0000-213004000001}.Debug ANSI|x64.ActiveCfg = Debug ANSI|x64
		{20241208-0000-0000-0000-213004000001}.Debug ANSI|x64.Build.0 = Debug ANSI|x64
		{20241208-0000-0000-0000-213004000001}.Debug|Win32.ActiveCfg = Debug|Win32
		{20241208-0000-0000-0000-213004000001}.Debug|Win32.Build.0 = Debug|Win32
		{20241208-0000-0000-0000-213004000001}.Debug|x64.ActiveCfg = Debug|x64
		{20241208-0000-0000-0000-213004000001}.Debug|x64.Build.0 = Debug|x64
		{20241208-0000-0000-0000-213004000001}.Release ANSI|Win32.ActiveCfg = Release ANSI|Win32
		{20241208-0000-0000-0000-213004000001}.Release ANSI|Win32.Build.0 = Release ANSI|Win32
		{20241208-0000-0000-0000-213004000001}.Release ANSI|x64.ActiveCfg = Release ANSI|x64
		{20241208-0000-0000-0000-213004000001}.Release ANSI|x64.Build.0 = Release ANSI|x64
		{20241208-0000-0000-0000-213004000001}.Release|Win32.ActiveCfg = Release|Win32
		{20241208-0000-0000-0000-213004000001}.Release|Win32.Build.0 = Release|Win32
		{20241208-0000-0000-0000-213004000001}.Release|x64.ActiveCfg = Release|x64
		{20241208-0000-0000-0000-213004000001}.Release|x64.Build.0 = Release|x64
		{20241213-0000-0000-0000-184014000001}.Debug ANSI|Win32.ActiveCfg = Debug ANSI|Win32
		{20241213-0000-0000-0000-184014000001}.Debug ANSI|Win32.Build.0 = Debug ANSI|Win32
		{20241213-0000-0000-0000-184014000001}.Debug ANSI|x64.ActiveCfg = Debug ANSI|x64
		{20241213-0000-0000-0000-184014000001}.Debug ANSI|x64.Build.0 = Debug ANSI|x64
		{20241213-0000-0000-0000-184014000001}.Debug|Win32.ActiveCfg = Debug|Win32
		{20241213-0000-0000-0000-184014000001}.Debug|Win32.Build.0 = Debug|Win32
		{20241213-0000-0000-0000-184014000001}.Debug|x64.ActiveCfg = Debug|x64
		{20241213-0000-0000-0000-184014000001}.Debug|x64.Build.0 = Debug|x64
		{20241213-0000-0000-0000-184014000001}.Release ANSI|Win32.ActiveCfg = Release ANSI|Win32
		{20241213-0000-0000-0000-184014000001}.Release ANSI|Win32.Build.0 = Release ANSI|Win32
		{20241213-0000-0000-0000-184014000001}.Release ANSI|x64.ActiveCfg = Release ANSI|x64
		{20241213-0000-0000-0000-184014000001}.Release ANSI|x64.Build.0 = Release ANSI|x64
		{20241213-0000-0000-0000-184014000001}.Release|Win32.ActiveCfg = Release|Win32
		{20241213-0000-0000-0000-184014000001}.Release|Win32.Build.0 = Release|Win32
		{20241213-0000-0000-0000-184014000001}.Release|x64.ActiveCfg = Release|x64
		{20241213-0000-0000-0000-184014000001}.Release|x64.Build.0 = Release|x64
		{20241213-0000-0000-0000-203937000001}.Debug ANSI|Win32.ActiveCfg = Debug ANSI|Win32
		{20241213-0000-0000-0000-203937000001}.Debug ANSI|Win32.Build.0 = Debug ANSI|Win32
		{20241213-0000-0000-0000-203937000001}.Debug ANSI|x64.ActiveCfg = Debug ANSI|x64
		{20241213-0000-0000-0000-203937000001}.Debug ANSI|x64.Build.0 = Debug ANSI|x64
		{20241213-0000-0000-0000-203937000001}.Debug|Win32.ActiveCfg = Debug|Win32
		{20241213-0000-0000-0000-203937000001}.Debug|Win32.Build.0 = Debug|Win32
		{20241213-0000-0000-0000-203937000001}.Debug|x64.ActiveCfg = Debug|x64
		{20241213-0000-0000-0000-203937000001}.Debug|x64.Build.0 = Debug|x64
		{20241213-0000-0000-0000-203937000001}.Release ANSI|Win32.ActiveCfg = Release ANSI|Win32
		{20241213-0000-0000-0000-203937000001}.Release ANSI|Win32.Build.0 = Release ANSI|Win32
		{20241213-0000-0000-0000-203937000001}.Release ANSI|x64.ActiveCfg = Release ANSI|x64
		{20241213-0000-0000-0000-203937000001}.Release ANSI|x64.Build.0 = Release ANSI|x64
		{20241213-0000-0000-0000-203937000001}.Release|Win32.ActiveCfg = Release|Win32
		{20241213-0000-0000-0000-203937000001}.Release|Win32.Build.0 = Release|Win32
		{20241213-0000-0000-0000-203937000001}.Release|x64.ActiveCfg = Release|x64
		{20241213-0000-0000-0000-203937000001}.Release|x64.Build.0 = Release|x64
		{20241214-0000-0000-0000-092950000001}.Debug ANSI|Win32.ActiveCfg = Debug ANSI|Win32
		{20241214-0000-0000-0000-092950000001}.Debug ANSI|Win32.Build.0 = Debug ANSI|Win32
		{20241214-0000-0000-0000-092950000001}.Debug ANSI|x64.ActiveCfg = Debug ANSI|x64
		{20241214-0000-0000-0000-092950000001}.Debug ANSI|x64.Build.0 = Debug ANSI|x64
		{20241214-0000-0000-0000-092950000001}.Debug|Win32.ActiveCfg = Debug|Win32
		{20241214-0000-0000-0000-092950000001}.Debug|Win32.Build.0 = Debug|Win32
		{20241214-0000-0000-0000-092950000001}.Debug|x64.ActiveCfg = Debug|x64
		{20241214-0000-0000-0000-092950000001}.Debug|x64.Build.0 = Debug|x64
		{20241214-0000-0000-0000-092950000001}.Release ANSI|Win32.ActiveCfg = Release ANSI|Win32
		{20241214-0000-0000-0000-092950000001}.Release ANSI|Win32.Build.0 = Release ANSI|Win32
		{20241214-0000-0000-0000-092950000001}.Release ANSI|x64.ActiveCfg = Release ANSI|x64
		{20241214-0000-0000-0000-092950000001}.Release ANSI|x64.Build.0 = Release ANSI|x64
		{20241214-0000-0000-0000-092950000001}.Release|Win32.ActiveCfg = Release|Win32
		{20241214-0000-0000-0000-092950000001}.Release|Win32.Build.0 = Release|Win32
		{20241214-0000-0000-0000-092950000001}.Release|x64.ActiveCfg = Release|x64
		{20241214-0000-0000-0000-092950000001}.Release|x64.Build.0 = Release|x64
		{20241214-0000-0000-0000-120536000001}.Debug ANSI|Win32.ActiveCfg = Debug ANSI|Win32
		{20241214-0000-0000-0000-120536000001}.Debug ANSI|Win32.Build.0 = Debug ANSI|Win32
		{20241214-0000-0000-0000-120536000001}.Debug ANSI|x64.ActiveCfg = Debug ANSI|x64
		{20241214-0000-0000-0000-120536000001}.Debug ANSI|x64.Build.0 = Debug ANSI|x64
		{20241214-0000-0000-0000-120536000001}.Debug|Win32.ActiveCfg = Debug|Win32
		{20241214-0000-0000-0000-120536000001}.Debug|Win32.Build.0 = Debug|Win32
		{20241214-0000-0000-0000-120536000001}.Debug|x64.ActiveCfg = Debug|x64
		{20241214-0000-0000-0000-120536000001}.Debug|x64.Build.0 = Debug|x64
		{20241214-0000-0000-0000-120536000001}.Release ANSI|Win32.ActiveCfg = Release ANSI|Win32
		{20241214-0000-0000-0000-120536000001}.Release ANSI|Win32.Build.0 = Release ANSI|Win32
		{20241214-0000-0000-0000-120536000001}.Release ANSI|x64.ActiveCfg = Release ANSI|x64
		{20241214-0000-0000-0000-120536000001}.Release ANSI|x64.Build.0 = Release ANSI|x64
		{20241214-0000-0000-0000-120536000001}.Release|Win32.ActiveCfg = Release|Win32
		{20241214-0000-0000-0000-120536000001}.Release|Win32.Build.0 = Release|Win32
		{20241214-0000-0000-0000-120536000001}.Release|x64.ActiveCfg = Release|x64
		{20241214-0000-0000-0000-120536000001}.Release|x64.Build.0 = Release|x64
		{20241214-0000-0000-0000-184010000001}.Debug ANSI|Win32.ActiveCfg = Debug ANSI|Win32
		{20241214-0000-0000-0000-184010000001}.Debug ANSI|Win32.Build.0 = Debug ANSI|Win32
		{20241214-0000-0000-0000-184010000001}.Debug ANSI|x64.ActiveCfg = Debug ANSI|x64
		{20241214-0000-0000-0000-184010000001}.Debug ANSI|x64.Build.0 = Debug ANSI|x64
		{20241214-0000-0000-0000-184010000001}.Debug|Win32.ActiveCfg = Debug|Win32
		{20241214-0000-0000-0000-184010000001}.Debug|Win32.Build.0 = Debug|Win32
		{20241214-0000-0000-0000-184010000001}.Debug|x64.ActiveCfg = Debug|x64
		{20241214-0000-0000-0000-184010000001}.Debug|x64.Build.0 = Debug|x64
		{20241214-0000-0000-0000-184010000001}.Release ANSI|Win32.ActiveCfg = Release ANSI|Win32
		{20241214-0000-0000-0000-184010000001}.Release ANSI|Win32.Build.0 = Release ANSI|Win32
		{20241214-0000-0000-0000-184010000001}.Release ANSI|x64.ActiveCfg = Release ANSI|x64
		{20241214-0000-0000-0000-184010000001}.Release ANSI|x64.Build.0 = Release ANSI|x64
		{20241214-0000-0000-0000-184010000001}.Release|Win32.ActiveCfg = Release|Win32
		{20241214-0000-0000-0000-184010000001}.Release|Win32.Build.0 = Release|Win32
		{20241214-0000-0000-0000-184010000001}.Release|x64.ActiveCfg = Release|x64
		{20241214-0000-0000-0000-184010000001}.Release|x64.Build.0 = Release|x64
	EndGlobalSection
	GlobalSection(SolutionProperties) = preSolution
		HideSolutionNode = FALSE
	EndGlobalSection
EndGlobal
