
Microsoft Visual Studio Solution File, Format Version 11.00
# Visual Studio 2010
Project("{8BC9CEB8-8B4A-11D0-8D11-00A0C91BC942}") = "23-SEHTerm", "23-SEHTerm\23-SEHTerm.vcxproj", "{20230620-0000-0000-0000-233758000001}"
EndProject
Project("{8BC9CEB8-8B4A-11D0-8D11-00A0C91BC942}") = "24-EXCEPTION_CONTINUE_EXECUTION", "24-EXCEPTION_CONTINUE_EXECUTION\24-EXCEPTION_CONTINUE_EXECUTION.vcxproj", "{20230622-0000-0000-0000-171258000001}"
EndProject
Project("{8BC9CEB8-8B4A-11D0-8D11-00A0C91BC942}") = "24-SehFlows", "24-SehFlows\24-SehFlows.vcxproj", "{20230623-0000-0000-0000-095537000001}"
EndProject
Project("{8BC9CEB8-8B4A-11D0-8D11-00A0C91BC942}") = "24-SehFilterExpression", "24-SehFilterExpression\24-SehFilterExpression.vcxproj", "{20230623-0000-0000-0000-100121000001}"
EndProject
Project("{8BC9CEB8-8B4A-11D0-8D11-00A0C91BC942}") = "24-NestedExcp", "24-NestedExcp\24-NestedExcp.vcxproj", "{20230626-0000-0000-0000-080026000001}"
EndProject
Project("{8BC9CEB8-8B4A-11D0-8D11-00A0C91BC942}") = "24-MyRaiseExcp", "24-MyRaiseExcp\24-MyRaiseExcp.vcxproj", "{20230626-0000-0000-0000-230124000001}"
EndProject
Project("{8BC9CEB8-8B4A-11D0-8D11-00A0C91BC942}") = "24-CxxCatchSEh", "24-CxxCatchSEh\24-CxxCatchSEh.vcxproj", "{20230628-0000-0000-0000-174212000001}"
EndProject
Global
	GlobalSection(SolutionConfigurationPlatforms) = preSolution
		Debug|Win32 = Debug|Win32
		Debug|x64 = Debug|x64
		Release|Win32 = Release|Win32
		Release|x64 = Release|x64
		vs2019 Debug|Win32 = vs2019 Debug|Win32
		vs2019 Debug|x64 = vs2019 Debug|x64
		vs2019 Release|Win32 = vs2019 Release|Win32
		vs2019 Release|x64 = vs2019 Release|x64
	EndGlobalSection
	GlobalSection(ProjectConfigurationPlatforms) = postSolution
		{20230620-0000-0000-0000-233758000001}.Debug|Win32.ActiveCfg = Debug|Win32
		{20230620-0000-0000-0000-233758000001}.Debug|Win32.Build.0 = Debug|Win32
		{20230620-0000-0000-0000-233758000001}.Debug|x64.ActiveCfg = Debug|x64
		{20230620-0000-0000-0000-233758000001}.Debug|x64.Build.0 = Debug|x64
		{20230620-0000-0000-0000-233758000001}.Release|Win32.ActiveCfg = Release|Win32
		{20230620-0000-0000-0000-233758000001}.Release|Win32.Build.0 = Release|Win32
		{20230620-0000-0000-0000-233758000001}.Release|x64.ActiveCfg = Release|x64
		{20230620-0000-0000-0000-233758000001}.Release|x64.Build.0 = Release|x64
		{20230620-0000-0000-0000-233758000001}.vs2019 Debug|Win32.ActiveCfg = vs2019 Debug|Win32
		{20230620-0000-0000-0000-233758000001}.vs2019 Debug|Win32.Build.0 = vs2019 Debug|Win32
		{20230620-0000-0000-0000-233758000001}.vs2019 Debug|x64.ActiveCfg = vs2019 Debug|x64
		{20230620-0000-0000-0000-233758000001}.vs2019 Debug|x64.Build.0 = vs2019 Debug|x64
		{20230620-0000-0000-0000-233758000001}.vs2019 Release|Win32.ActiveCfg = vs2019 Release|Win32
		{20230620-0000-0000-0000-233758000001}.vs2019 Release|Win32.Build.0 = vs2019 Release|Win32
		{20230620-0000-0000-0000-233758000001}.vs2019 Release|x64.ActiveCfg = vs2019 Release|x64
		{20230620-0000-0000-0000-233758000001}.vs2019 Release|x64.Build.0 = vs2019 Release|x64
		{20230622-0000-0000-0000-171258000001}.Debug|Win32.ActiveCfg = Debug|Win32
		{20230622-0000-0000-0000-171258000001}.Debug|Win32.Build.0 = Debug|Win32
		{20230622-0000-0000-0000-171258000001}.Debug|x64.ActiveCfg = Debug|x64
		{20230622-0000-0000-0000-171258000001}.Debug|x64.Build.0 = Debug|x64
		{20230622-0000-0000-0000-171258000001}.Release|Win32.ActiveCfg = Release|Win32
		{20230622-0000-0000-0000-171258000001}.Release|Win32.Build.0 = Release|Win32
		{20230622-0000-0000-0000-171258000001}.Release|x64.ActiveCfg = Release|x64
		{20230622-0000-0000-0000-171258000001}.Release|x64.Build.0 = Release|x64
		{20230622-0000-0000-0000-171258000001}.vs2019 Debug|Win32.ActiveCfg = vs2019 Debug|Win32
		{20230622-0000-0000-0000-171258000001}.vs2019 Debug|Win32.Build.0 = vs2019 Debug|Win32
		{20230622-0000-0000-0000-171258000001}.vs2019 Debug|x64.ActiveCfg = vs2019 Debug|x64
		{20230622-0000-0000-0000-171258000001}.vs2019 Debug|x64.Build.0 = vs2019 Debug|x64
		{20230622-0000-0000-0000-171258000001}.vs2019 Release|Win32.ActiveCfg = vs2019 Release|Win32
		{20230622-0000-0000-0000-171258000001}.vs2019 Release|Win32.Build.0 = vs2019 Release|Win32
		{20230622-0000-0000-0000-171258000001}.vs2019 Release|x64.ActiveCfg = vs2019 Release|x64
		{20230622-0000-0000-0000-171258000001}.vs2019 Release|x64.Build.0 = vs2019 Release|x64
		{20230623-0000-0000-0000-095537000001}.Debug|Win32.ActiveCfg = Debug|Win32
		{20230623-0000-0000-0000-095537000001}.Debug|Win32.Build.0 = Debug|Win32
		{20230623-0000-0000-0000-095537000001}.Debug|x64.ActiveCfg = Debug|x64
		{20230623-0000-0000-0000-095537000001}.Debug|x64.Build.0 = Debug|x64
		{20230623-0000-0000-0000-095537000001}.Release|Win32.ActiveCfg = Release|Win32
		{20230623-0000-0000-0000-095537000001}.Release|Win32.Build.0 = Release|Win32
		{20230623-0000-0000-0000-095537000001}.Release|x64.ActiveCfg = Release|x64
		{20230623-0000-0000-0000-095537000001}.Release|x64.Build.0 = Release|x64
		{20230623-0000-0000-0000-095537000001}.vs2019 Debug|Win32.ActiveCfg = vs2019 Debug|Win32
		{20230623-0000-0000-0000-095537000001}.vs2019 Debug|Win32.Build.0 = vs2019 Debug|Win32
		{20230623-0000-0000-0000-095537000001}.vs2019 Debug|x64.ActiveCfg = vs2019 Debug|x64
		{20230623-0000-0000-0000-095537000001}.vs2019 Debug|x64.Build.0 = vs2019 Debug|x64
		{20230623-0000-0000-0000-095537000001}.vs2019 Release|Win32.ActiveCfg = vs2019 Release|Win32
		{20230623-0000-0000-0000-095537000001}.vs2019 Release|Win32.Build.0 = vs2019 Release|Win32
		{20230623-0000-0000-0000-095537000001}.vs2019 Release|x64.ActiveCfg = vs2019 Release|x64
		{20230623-0000-0000-0000-095537000001}.vs2019 Release|x64.Build.0 = vs2019 Release|x64
		{20230623-0000-0000-0000-100121000001}.Debug|Win32.ActiveCfg = Debug|Win32
		{20230623-0000-0000-0000-100121000001}.Debug|Win32.Build.0 = Debug|Win32
		{20230623-0000-0000-0000-100121000001}.Debug|x64.ActiveCfg = Debug|x64
		{20230623-0000-0000-0000-100121000001}.Debug|x64.Build.0 = Debug|x64
		{20230623-0000-0000-0000-100121000001}.Release|Win32.ActiveCfg = Release|Win32
		{20230623-0000-0000-0000-100121000001}.Release|Win32.Build.0 = Release|Win32
		{20230623-0000-0000-0000-100121000001}.Release|x64.ActiveCfg = Release|x64
		{20230623-0000-0000-0000-100121000001}.Release|x64.Build.0 = Release|x64
		{20230623-0000-0000-0000-100121000001}.vs2019 Debug|Win32.ActiveCfg = vs2019 Debug|Win32
		{20230623-0000-0000-0000-100121000001}.vs2019 Debug|Win32.Build.0 = vs2019 Debug|Win32
		{20230623-0000-0000-0000-100121000001}.vs2019 Debug|x64.ActiveCfg = vs2019 Debug|x64
		{20230623-0000-0000-0000-100121000001}.vs2019 Debug|x64.Build.0 = vs2019 Debug|x64
		{20230623-0000-0000-0000-100121000001}.vs2019 Release|Win32.ActiveCfg = vs2019 Release|Win32
		{20230623-0000-0000-0000-100121000001}.vs2019 Release|Win32.Build.0 = vs2019 Release|Win32
		{20230623-0000-0000-0000-100121000001}.vs2019 Release|x64.ActiveCfg = vs2019 Release|x64
		{20230623-0000-0000-0000-100121000001}.vs2019 Release|x64.Build.0 = vs2019 Release|x64
		{20230626-0000-0000-0000-080026000001}.Debug|Win32.ActiveCfg = Debug|Win32
		{20230626-0000-0000-0000-080026000001}.Debug|Win32.Build.0 = Debug|Win32
		{20230626-0000-0000-0000-080026000001}.Debug|x64.ActiveCfg = Debug|x64
		{20230626-0000-0000-0000-080026000001}.Debug|x64.Build.0 = Debug|x64
		{20230626-0000-0000-0000-080026000001}.Release|Win32.ActiveCfg = Release|Win32
		{20230626-0000-0000-0000-080026000001}.Release|Win32.Build.0 = Release|Win32
		{20230626-0000-0000-0000-080026000001}.Release|x64.ActiveCfg = Release|x64
		{20230626-0000-0000-0000-080026000001}.Release|x64.Build.0 = Release|x64
		{20230626-0000-0000-0000-080026000001}.vs2019 Debug|Win32.ActiveCfg = vs2019 Debug|Win32
		{20230626-0000-0000-0000-080026000001}.vs2019 Debug|Win32.Build.0 = vs2019 Debug|Win32
		{20230626-0000-0000-0000-080026000001}.vs2019 Debug|x64.ActiveCfg = vs2019 Debug|x64
		{20230626-0000-0000-0000-080026000001}.vs2019 Debug|x64.Build.0 = vs2019 Debug|x64
		{20230626-0000-0000-0000-080026000001}.vs2019 Release|Win32.ActiveCfg = vs2019 Release|Win32
		{20230626-0000-0000-0000-080026000001}.vs2019 Release|Win32.Build.0 = vs2019 Release|Win32
		{20230626-0000-0000-0000-080026000001}.vs2019 Release|x64.ActiveCfg = vs2019 Release|x64
		{20230626-0000-0000-0000-080026000001}.vs2019 Release|x64.Build.0 = vs2019 Release|x64
		{20230626-0000-0000-0000-230124000001}.Debug|Win32.ActiveCfg = Debug|Win32
		{20230626-0000-0000-0000-230124000001}.Debug|Win32.Build.0 = Debug|Win32
		{20230626-0000-0000-0000-230124000001}.Debug|x64.ActiveCfg = Debug|x64
		{20230626-0000-0000-0000-230124000001}.Debug|x64.Build.0 = Debug|x64
		{20230626-0000-0000-0000-230124000001}.Release|Win32.ActiveCfg = Release|Win32
		{20230626-0000-0000-0000-230124000001}.Release|Win32.Build.0 = Release|Win32
		{20230626-0000-0000-0000-230124000001}.Release|x64.ActiveCfg = Release|x64
		{20230626-0000-0000-0000-230124000001}.Release|x64.Build.0 = Release|x64
		{20230626-0000-0000-0000-230124000001}.vs2019 Debug|Win32.ActiveCfg = vs2019 Debug|Win32
		{20230626-0000-0000-0000-230124000001}.vs2019 Debug|Win32.Build.0 = vs2019 Debug|Win32
		{20230626-0000-0000-0000-230124000001}.vs2019 Debug|x64.ActiveCfg = vs2019 Debug|x64
		{20230626-0000-0000-0000-230124000001}.vs2019 Debug|x64.Build.0 = vs2019 Debug|x64
		{20230626-0000-0000-0000-230124000001}.vs2019 Release|Win32.ActiveCfg = vs2019 Release|Win32
		{20230626-0000-0000-0000-230124000001}.vs2019 Release|Win32.Build.0 = vs2019 Release|Win32
		{20230626-0000-0000-0000-230124000001}.vs2019 Release|x64.ActiveCfg = vs2019 Release|x64
		{20230626-0000-0000-0000-230124000001}.vs2019 Release|x64.Build.0 = vs2019 Release|x64
		{20230628-0000-0000-0000-174212000001}.Debug|Win32.ActiveCfg = Debug|Win32
		{20230628-0000-0000-0000-174212000001}.Debug|Win32.Build.0 = Debug|Win32
		{20230628-0000-0000-0000-174212000001}.Debug|x64.ActiveCfg = Debug|x64
		{20230628-0000-0000-0000-174212000001}.Debug|x64.Build.0 = Debug|x64
		{20230628-0000-0000-0000-174212000001}.Release|Win32.ActiveCfg = Release|Win32
		{20230628-0000-0000-0000-174212000001}.Release|Win32.Build.0 = Release|Win32
		{20230628-0000-0000-0000-174212000001}.Release|x64.ActiveCfg = Release|x64
		{20230628-0000-0000-0000-174212000001}.Release|x64.Build.0 = Release|x64
		{20230628-0000-0000-0000-174212000001}.vs2019 Debug|Win32.ActiveCfg = vs2019 Debug|Win32
		{20230628-0000-0000-0000-174212000001}.vs2019 Debug|Win32.Build.0 = vs2019 Debug|Win32
		{20230628-0000-0000-0000-174212000001}.vs2019 Debug|x64.ActiveCfg = vs2019 Debug|x64
		{20230628-0000-0000-0000-174212000001}.vs2019 Debug|x64.Build.0 = vs2019 Debug|x64
		{20230628-0000-0000-0000-174212000001}.vs2019 Release|Win32.ActiveCfg = vs2019 Release|Win32
		{20230628-0000-0000-0000-174212000001}.vs2019 Release|Win32.Build.0 = vs2019 Release|Win32
		{20230628-0000-0000-0000-174212000001}.vs2019 Release|x64.ActiveCfg = vs2019 Release|x64
		{20230628-0000-0000-0000-174212000001}.vs2019 Release|x64.Build.0 = vs2019 Release|x64
	EndGlobalSection
	GlobalSection(SolutionProperties) = preSolution
		HideSolutionNode = FALSE
	EndGlobalSection
EndGlobal
