
Microsoft Visual Studio Solution File, Format Version 11.00
# Visual Studio 2010
Project("{8BC9CEB8-8B4A-11D0-8D11-00A0C91BC942}") = "23-SEHTerm", "23-SEHTerm\23-SEHTerm.vcxproj", "{20230620-0000-0000-0000-233758000001}"
EndProject
Project("{8BC9CEB8-8B4A-11D0-8D11-00A0C91BC942}") = "24-FilterConst", "24-FilterConst\24-FilterConst.vcxproj", "{20230622-0000-0000-0000-065545000001}"
EndProject
Project("{8BC9CEB8-8B4A-11D0-8D11-00A0C91BC942}") = "24-EXCEPTION_CONTINUE_EXECUTION", "24-EXCEPTION_CONTINUE_EXECUTION\24-EXCEPTION_CONTINUE_EXECUTION.vcxproj", "{20230622-0000-0000-0000-171258000001}"
EndProject
Global
	GlobalSection(SolutionConfigurationPlatforms) = preSolution
		Debug|Win32 = Debug|Win32
		Debug|x64 = Debug|x64
		Release|Win32 = Release|Win32
		Release|x64 = Release|x64
		vs2019 Debug|Win32 = vs2019 Debug|Win32
		vs2019 Debug|x64 = vs2019 Debug|x64
		vs2019 Release|Win32 = vs2019 Release|Win32
		vs2019 Release|x64 = vs2019 Release|x64
	EndGlobalSection
	GlobalSection(ProjectConfigurationPlatforms) = postSolution
		{20230620-0000-0000-0000-233758000001}.Debug|Win32.ActiveCfg = Debug|Win32
		{20230620-0000-0000-0000-233758000001}.Debug|Win32.Build.0 = Debug|Win32
		{20230620-0000-0000-0000-233758000001}.Debug|x64.ActiveCfg = Debug|x64
		{20230620-0000-0000-0000-233758000001}.Debug|x64.Build.0 = Debug|x64
		{20230620-0000-0000-0000-233758000001}.Release|Win32.ActiveCfg = Release|Win32
		{20230620-0000-0000-0000-233758000001}.Release|Win32.Build.0 = Release|Win32
		{20230620-0000-0000-0000-233758000001}.Release|x64.ActiveCfg = Release|x64
		{20230620-0000-0000-0000-233758000001}.Release|x64.Build.0 = Release|x64
		{20230620-0000-0000-0000-233758000001}.vs2019 Debug|Win32.ActiveCfg = vs2019 Debug|Win32
		{20230620-0000-0000-0000-233758000001}.vs2019 Debug|Win32.Build.0 = vs2019 Debug|Win32
		{20230620-0000-0000-0000-233758000001}.vs2019 Debug|x64.ActiveCfg = vs2019 Debug|x64
		{20230620-0000-0000-0000-233758000001}.vs2019 Debug|x64.Build.0 = vs2019 Debug|x64
		{20230620-0000-0000-0000-233758000001}.vs2019 Release|Win32.ActiveCfg = vs2019 Release|Win32
		{20230620-0000-0000-0000-233758000001}.vs2019 Release|Win32.Build.0 = vs2019 Release|Win32
		{20230620-0000-0000-0000-233758000001}.vs2019 Release|x64.ActiveCfg = vs2019 Release|x64
		{20230620-0000-0000-0000-233758000001}.vs2019 Release|x64.Build.0 = vs2019 Release|x64
		{20230622-0000-0000-0000-065545000001}.Debug|Win32.ActiveCfg = Debug|Win32
		{20230622-0000-0000-0000-065545000001}.Debug|Win32.Build.0 = Debug|Win32
		{20230622-0000-0000-0000-065545000001}.Debug|x64.ActiveCfg = Debug|x64
		{20230622-0000-0000-0000-065545000001}.Debug|x64.Build.0 = Debug|x64
		{20230622-0000-0000-0000-065545000001}.Release|Win32.ActiveCfg = Release|Win32
		{20230622-0000-0000-0000-065545000001}.Release|Win32.Build.0 = Release|Win32
		{20230622-0000-0000-0000-065545000001}.Release|x64.ActiveCfg = Release|x64
		{20230622-0000-0000-0000-065545000001}.Release|x64.Build.0 = Release|x64
		{20230622-0000-0000-0000-065545000001}.vs2019 Debug|Win32.ActiveCfg = vs2019 Debug|Win32
		{20230622-0000-0000-0000-065545000001}.vs2019 Debug|Win32.Build.0 = vs2019 Debug|Win32
		{20230622-0000-0000-0000-065545000001}.vs2019 Debug|x64.ActiveCfg = vs2019 Debug|x64
		{20230622-0000-0000-0000-065545000001}.vs2019 Debug|x64.Build.0 = vs2019 Debug|x64
		{20230622-0000-0000-0000-065545000001}.vs2019 Release|Win32.ActiveCfg = vs2019 Release|Win32
		{20230622-0000-0000-0000-065545000001}.vs2019 Release|Win32.Build.0 = vs2019 Release|Win32
		{20230622-0000-0000-0000-065545000001}.vs2019 Release|x64.ActiveCfg = vs2019 Release|x64
		{20230622-0000-0000-0000-065545000001}.vs2019 Release|x64.Build.0 = vs2019 Release|x64
		{20230622-0000-0000-0000-171258000001}.Debug|Win32.ActiveCfg = Debug|Win32
		{20230622-0000-0000-0000-171258000001}.Debug|Win32.Build.0 = Debug|Win32
		{20230622-0000-0000-0000-171258000001}.Debug|x64.ActiveCfg = Debug|x64
		{20230622-0000-0000-0000-171258000001}.Debug|x64.Build.0 = Debug|x64
		{20230622-0000-0000-0000-171258000001}.Release|Win32.ActiveCfg = Release|Win32
		{20230622-0000-0000-0000-171258000001}.Release|Win32.Build.0 = Release|Win32
		{20230622-0000-0000-0000-171258000001}.Release|x64.ActiveCfg = Release|x64
		{20230622-0000-0000-0000-171258000001}.Release|x64.Build.0 = Release|x64
		{20230622-0000-0000-0000-171258000001}.vs2019 Debug|Win32.ActiveCfg = vs2019 Debug|Win32
		{20230622-0000-0000-0000-171258000001}.vs2019 Debug|Win32.Build.0 = vs2019 Debug|Win32
		{20230622-0000-0000-0000-171258000001}.vs2019 Debug|x64.ActiveCfg = vs2019 Debug|x64
		{20230622-0000-0000-0000-171258000001}.vs2019 Debug|x64.Build.0 = vs2019 Debug|x64
		{20230622-0000-0000-0000-171258000001}.vs2019 Release|Win32.ActiveCfg = vs2019 Release|Win32
		{20230622-0000-0000-0000-171258000001}.vs2019 Release|Win32.Build.0 = vs2019 Release|Win32
		{20230622-0000-0000-0000-171258000001}.vs2019 Release|x64.ActiveCfg = vs2019 Release|x64
		{20230622-0000-0000-0000-171258000001}.vs2019 Release|x64.Build.0 = vs2019 Release|x64
	EndGlobalSection
	GlobalSection(SolutionProperties) = preSolution
		HideSolutionNode = FALSE
	EndGlobalSection
EndGlobal
