
Microsoft Visual Studio Solution File, Format Version 12.00
# Visual Studio 2010
Project("{8BC9CEB8-8B4A-11D0-8D11-00A0C91BC942}") = "14-SysInfo", "14-SysInfo\SysInfo.vcxproj", "{20241217-0000-0000-0000-203705000001}"
EndProject
Project("{8BC9CEB8-8B4A-11D0-8D11-00A0C91BC942}") = "14-VMStat", "14-VMStat\VMStat.vcxproj", "{20241218-0000-0000-0000-161239000001}"
EndProject
Project("{8BC9CEB8-8B4A-11D0-8D11-00A0C91BC942}") = "14-VMmapj", "14-VMMap\VMMap.vcxproj", "{20241219-0000-0000-0000-121744000001}"
EndProject
Project("{8BC9CEB8-8B4A-11D0-8D11-00A0C91BC942}") = "15-VMAlloc", "15-VMAlloc\VMAlloc.vcxproj", "{20250114-0000-0000-0000-111756000001}"
EndProject
Global
	GlobalSection(SolutionConfigurationPlatforms) = preSolution
		Debug ANSI|ARM64 = Debug ANSI|ARM64
		Debug ANSI|ARM64EC = Debug ANSI|ARM64EC
		Debug ANSI|Win32 = Debug ANSI|Win32
		Debug ANSI|x64 = Debug ANSI|x64
		Debug|ARM64 = Debug|ARM64
		Debug|ARM64EC = Debug|ARM64EC
		Debug|Win32 = Debug|Win32
		Debug|x64 = Debug|x64
		Release ANSI|ARM64 = Release ANSI|ARM64
		Release ANSI|ARM64EC = Release ANSI|ARM64EC
		Release ANSI|Win32 = Release ANSI|Win32
		Release ANSI|x64 = Release ANSI|x64
		Release|ARM64 = Release|ARM64
		Release|ARM64EC = Release|ARM64EC
		Release|Win32 = Release|Win32
		Release|x64 = Release|x64
	EndGlobalSection
	GlobalSection(ProjectConfigurationPlatforms) = postSolution
		{20241217-0000-0000-0000-203705000001}.Debug ANSI|ARM64.ActiveCfg = Debug ANSI|ARM64
		{20241217-0000-0000-0000-203705000001}.Debug ANSI|ARM64.Build.0 = Debug ANSI|ARM64
		{20241217-0000-0000-0000-203705000001}.Debug ANSI|ARM64EC.ActiveCfg = Debug ANSI|ARM64EC
		{20241217-0000-0000-0000-203705000001}.Debug ANSI|ARM64EC.Build.0 = Debug ANSI|ARM64EC
		{20241217-0000-0000-0000-203705000001}.Debug ANSI|Win32.ActiveCfg = Debug ANSI|Win32
		{20241217-0000-0000-0000-203705000001}.Debug ANSI|Win32.Build.0 = Debug ANSI|Win32
		{20241217-0000-0000-0000-203705000001}.Debug ANSI|x64.ActiveCfg = Debug ANSI|x64
		{20241217-0000-0000-0000-203705000001}.Debug ANSI|x64.Build.0 = Debug ANSI|x64
		{20241217-0000-0000-0000-203705000001}.Debug|ARM64.ActiveCfg = Debug|ARM64
		{20241217-0000-0000-0000-203705000001}.Debug|ARM64.Build.0 = Debug|ARM64
		{20241217-0000-0000-0000-203705000001}.Debug|ARM64EC.ActiveCfg = Debug|ARM64EC
		{20241217-0000-0000-0000-203705000001}.Debug|ARM64EC.Build.0 = Debug|ARM64EC
		{20241217-0000-0000-0000-203705000001}.Debug|Win32.ActiveCfg = Debug|Win32
		{20241217-0000-0000-0000-203705000001}.Debug|Win32.Build.0 = Debug|Win32
		{20241217-0000-0000-0000-203705000001}.Debug|x64.ActiveCfg = Debug|x64
		{20241217-0000-0000-0000-203705000001}.Debug|x64.Build.0 = Debug|x64
		{20241217-0000-0000-0000-203705000001}.Release ANSI|ARM64.ActiveCfg = Release ANSI|ARM64
		{20241217-0000-0000-0000-203705000001}.Release ANSI|ARM64.Build.0 = Release ANSI|ARM64
		{20241217-0000-0000-0000-203705000001}.Release ANSI|ARM64EC.ActiveCfg = Release ANSI|ARM64EC
		{20241217-0000-0000-0000-203705000001}.Release ANSI|ARM64EC.Build.0 = Release ANSI|ARM64EC
		{20241217-0000-0000-0000-203705000001}.Release ANSI|Win32.ActiveCfg = Release ANSI|Win32
		{20241217-0000-0000-0000-203705000001}.Release ANSI|Win32.Build.0 = Release ANSI|Win32
		{20241217-0000-0000-0000-203705000001}.Release ANSI|x64.ActiveCfg = Release ANSI|x64
		{20241217-0000-0000-0000-203705000001}.Release ANSI|x64.Build.0 = Release ANSI|x64
		{20241217-0000-0000-0000-203705000001}.Release|ARM64.ActiveCfg = Release|ARM64
		{20241217-0000-0000-0000-203705000001}.Release|ARM64.Build.0 = Release|ARM64
		{20241217-0000-0000-0000-203705000001}.Release|ARM64EC.ActiveCfg = Release|ARM64EC
		{20241217-0000-0000-0000-203705000001}.Release|ARM64EC.Build.0 = Release|ARM64EC
		{20241217-0000-0000-0000-203705000001}.Release|Win32.ActiveCfg = Release|Win32
		{20241217-0000-0000-0000-203705000001}.Release|Win32.Build.0 = Release|Win32
		{20241217-0000-0000-0000-203705000001}.Release|x64.ActiveCfg = Release|x64
		{20241217-0000-0000-0000-203705000001}.Release|x64.Build.0 = Release|x64
		{20241218-0000-0000-0000-161239000001}.Debug ANSI|ARM64.ActiveCfg = Debug ANSI|ARM64
		{20241218-0000-0000-0000-161239000001}.Debug ANSI|ARM64EC.ActiveCfg = Debug ANSI|ARM64EC
		{20241218-0000-0000-0000-161239000001}.Debug ANSI|Win32.ActiveCfg = Debug ANSI|Win32
		{20241218-0000-0000-0000-161239000001}.Debug ANSI|Win32.Build.0 = Debug ANSI|Win32
		{20241218-0000-0000-0000-161239000001}.Debug ANSI|x64.ActiveCfg = Debug ANSI|x64
		{20241218-0000-0000-0000-161239000001}.Debug ANSI|x64.Build.0 = Debug ANSI|x64
		{20241218-0000-0000-0000-161239000001}.Debug|ARM64.ActiveCfg = Debug|ARM64
		{20241218-0000-0000-0000-161239000001}.Debug|ARM64EC.ActiveCfg = Debug|ARM64EC
		{20241218-0000-0000-0000-161239000001}.Debug|Win32.ActiveCfg = Debug|Win32
		{20241218-0000-0000-0000-161239000001}.Debug|Win32.Build.0 = Debug|Win32
		{20241218-0000-0000-0000-161239000001}.Debug|x64.ActiveCfg = Debug|x64
		{20241218-0000-0000-0000-161239000001}.Debug|x64.Build.0 = Debug|x64
		{20241218-0000-0000-0000-161239000001}.Release ANSI|ARM64.ActiveCfg = Release ANSI|ARM64
		{20241218-0000-0000-0000-161239000001}.Release ANSI|ARM64EC.ActiveCfg = Release ANSI|ARM64EC
		{20241218-0000-0000-0000-161239000001}.Release ANSI|Win32.ActiveCfg = Release ANSI|Win32
		{20241218-0000-0000-0000-161239000001}.Release ANSI|Win32.Build.0 = Release ANSI|Win32
		{20241218-0000-0000-0000-161239000001}.Release ANSI|x64.ActiveCfg = Release ANSI|x64
		{20241218-0000-0000-0000-161239000001}.Release ANSI|x64.Build.0 = Release ANSI|x64
		{20241218-0000-0000-0000-161239000001}.Release|ARM64.ActiveCfg = Release|ARM64
		{20241218-0000-0000-0000-161239000001}.Release|ARM64EC.ActiveCfg = Release|ARM64EC
		{20241218-0000-0000-0000-161239000001}.Release|Win32.ActiveCfg = Release|Win32
		{20241218-0000-0000-0000-161239000001}.Release|Win32.Build.0 = Release|Win32
		{20241218-0000-0000-0000-161239000001}.Release|x64.ActiveCfg = Release|x64
		{20241218-0000-0000-0000-161239000001}.Release|x64.Build.0 = Release|x64
		{20241219-0000-0000-0000-121744000001}.Debug ANSI|ARM64.ActiveCfg = Debug ANSI|ARM64
		{20241219-0000-0000-0000-121744000001}.Debug ANSI|ARM64EC.ActiveCfg = Debug ANSI|ARM64EC
		{20241219-0000-0000-0000-121744000001}.Debug ANSI|Win32.ActiveCfg = Debug ANSI|Win32
		{20241219-0000-0000-0000-121744000001}.Debug ANSI|Win32.Build.0 = Debug ANSI|Win32
		{20241219-0000-0000-0000-121744000001}.Debug ANSI|x64.ActiveCfg = Debug ANSI|x64
		{20241219-0000-0000-0000-121744000001}.Debug ANSI|x64.Build.0 = Debug ANSI|x64
		{20241219-0000-0000-0000-121744000001}.Debug|ARM64.ActiveCfg = Debug|ARM64
		{20241219-0000-0000-0000-121744000001}.Debug|ARM64EC.ActiveCfg = Debug|ARM64EC
		{20241219-0000-0000-0000-121744000001}.Debug|Win32.ActiveCfg = Debug|Win32
		{20241219-0000-0000-0000-121744000001}.Debug|Win32.Build.0 = Debug|Win32
		{20241219-0000-0000-0000-121744000001}.Debug|x64.ActiveCfg = Debug|x64
		{20241219-0000-0000-0000-121744000001}.Debug|x64.Build.0 = Debug|x64
		{20241219-0000-0000-0000-121744000001}.Release ANSI|ARM64.ActiveCfg = Release ANSI|ARM64
		{20241219-0000-0000-0000-121744000001}.Release ANSI|ARM64EC.ActiveCfg = Release ANSI|ARM64EC
		{20241219-0000-0000-0000-121744000001}.Release ANSI|Win32.ActiveCfg = Release ANSI|Win32
		{20241219-0000-0000-0000-121744000001}.Release ANSI|Win32.Build.0 = Release ANSI|Win32
		{20241219-0000-0000-0000-121744000001}.Release ANSI|x64.ActiveCfg = Release ANSI|x64
		{20241219-0000-0000-0000-121744000001}.Release ANSI|x64.Build.0 = Release ANSI|x64
		{20241219-0000-0000-0000-121744000001}.Release|ARM64.ActiveCfg = Release|ARM64
		{20241219-0000-0000-0000-121744000001}.Release|ARM64EC.ActiveCfg = Release|ARM64EC
		{20241219-0000-0000-0000-121744000001}.Release|Win32.ActiveCfg = Release|Win32
		{20241219-0000-0000-0000-121744000001}.Release|Win32.Build.0 = Release|Win32
		{20241219-0000-0000-0000-121744000001}.Release|x64.ActiveCfg = Release|x64
		{20241219-0000-0000-0000-121744000001}.Release|x64.Build.0 = Release|x64
		{20250114-0000-0000-0000-111756000001}.Debug ANSI|ARM64.ActiveCfg = Debug ANSI|x64
		{20250114-0000-0000-0000-111756000001}.Debug ANSI|ARM64EC.ActiveCfg = Debug ANSI|x64
		{20250114-0000-0000-0000-111756000001}.Debug ANSI|Win32.ActiveCfg = Debug ANSI|Win32
		{20250114-0000-0000-0000-111756000001}.Debug ANSI|Win32.Build.0 = Debug ANSI|Win32
		{20250114-0000-0000-0000-111756000001}.Debug ANSI|x64.ActiveCfg = Debug ANSI|x64
		{20250114-0000-0000-0000-111756000001}.Debug ANSI|x64.Build.0 = Debug ANSI|x64
		{20250114-0000-0000-0000-111756000001}.Debug|ARM64.ActiveCfg = Debug|x64
		{20250114-0000-0000-0000-111756000001}.Debug|ARM64EC.ActiveCfg = Debug|x64
		{20250114-0000-0000-0000-111756000001}.Debug|Win32.ActiveCfg = Debug|Win32
		{20250114-0000-0000-0000-111756000001}.Debug|Win32.Build.0 = Debug|Win32
		{20250114-0000-0000-0000-111756000001}.Debug|x64.ActiveCfg = Debug|x64
		{20250114-0000-0000-0000-111756000001}.Debug|x64.Build.0 = Debug|x64
		{20250114-0000-0000-0000-111756000001}.Release ANSI|ARM64.ActiveCfg = Release ANSI|x64
		{20250114-0000-0000-0000-111756000001}.Release ANSI|ARM64EC.ActiveCfg = Release ANSI|x64
		{20250114-0000-0000-0000-111756000001}.Release ANSI|Win32.ActiveCfg = Release ANSI|Win32
		{20250114-0000-0000-0000-111756000001}.Release ANSI|Win32.Build.0 = Release ANSI|Win32
		{20250114-0000-0000-0000-111756000001}.Release ANSI|x64.ActiveCfg = Release ANSI|x64
		{20250114-0000-0000-0000-111756000001}.Release ANSI|x64.Build.0 = Release ANSI|x64
		{20250114-0000-0000-0000-111756000001}.Release|ARM64.ActiveCfg = Release|x64
		{20250114-0000-0000-0000-111756000001}.Release|ARM64EC.ActiveCfg = Release|x64
		{20250114-0000-0000-0000-111756000001}.Release|Win32.ActiveCfg = Release|Win32
		{20250114-0000-0000-0000-111756000001}.Release|Win32.Build.0 = Release|Win32
		{20250114-0000-0000-0000-111756000001}.Release|x64.ActiveCfg = Release|x64
		{20250114-0000-0000-0000-111756000001}.Release|x64.Build.0 = Release|x64
	EndGlobalSection
	GlobalSection(SolutionProperties) = preSolution
		HideSolutionNode = FALSE
	EndGlobalSection
EndGlobal
