
Microsoft Visual Studio Solution File, Format Version 11.00
# Visual Studio 2010
Project("{8BC9CEB8-8B4A-11D0-8D11-00A0C91BC942}") = "Pogy", "Pogy\Pogy.vcxproj", "{2E41E574-B85F-6D66-0902-E382F149A99E}"
EndProject
Project("{8BC9CEB8-8B4A-11D0-8D11-00A0C91BC942}") = "Diver", "Diver\Diver.vcxproj", "{DAE6A5D3-7D33-2436-CBFA-22ECF16B278D}"
EndProject
Global
	GlobalSection(SolutionConfigurationPlatforms) = preSolution
		Debug|Win32 = Debug|Win32
		Release|Win32 = Release|Win32
		Template|Win32 = Template|Win32
	EndGlobalSection
	GlobalSection(ProjectConfigurationPlatforms) = postSolution
		{2E41E574-B85F-6D66-0902-E382F149A99E}.Debug|Win32.ActiveCfg = Debug|Win32
		{2E41E574-B85F-6D66-0902-E382F149A99E}.Debug|Win32.Build.0 = Debug|Win32
		{2E41E574-B85F-6D66-0902-E382F149A99E}.Release|Win32.ActiveCfg = Release|Win32
		{2E41E574-B85F-6D66-0902-E382F149A99E}.Release|Win32.Build.0 = Release|Win32
		{2E41E574-B85F-6D66-0902-E382F149A99E}.Template|Win32.ActiveCfg = Release|Win32
		{2E41E574-B85F-6D66-0902-E382F149A99E}.Template|Win32.Build.0 = Release|Win32
		{DAE6A5D3-7D33-2436-CBFA-22ECF16B278D}.Debug|Win32.ActiveCfg = Debug|Win32
		{DAE6A5D3-7D33-2436-CBFA-22ECF16B278D}.Debug|Win32.Build.0 = Debug|Win32
		{DAE6A5D3-7D33-2436-CBFA-22ECF16B278D}.Release|Win32.ActiveCfg = Release|Win32
		{DAE6A5D3-7D33-2436-CBFA-22ECF16B278D}.Release|Win32.Build.0 = Release|Win32
		{DAE6A5D3-7D33-2436-CBFA-22ECF16B278D}.Template|Win32.ActiveCfg = Template|Win32
		{DAE6A5D3-7D33-2436-CBFA-22ECF16B278D}.Template|Win32.Build.0 = Template|Win32
	EndGlobalSection
	GlobalSection(SolutionProperties) = preSolution
		HideSolutionNode = FALSE
	EndGlobalSection
EndGlobal
