
Microsoft Visual Studio Solution File, Format Version 11.00
# Visual Studio 2010
Project("{8BC9CEB8-8B4A-11D0-8D11-00A0C91BC942}") = "Pogy", "Pogy\Pogy.vcxproj", "{2E41E574-B85F-6D66-0902-E382F149A99E}"
EndProject
Project("{8BC9CEB8-8B4A-11D0-8D11-00A0C91BC942}") = "Diver", "Diver\Diver.vcxproj", "{DAE6A5D3-7D33-2436-CBFA-22ECF16B278D}"
EndProject
Project("{8BC9CEB8-8B4A-11D0-8D11-00A0C91BC942}") = "wingraph", "..\include\wingraph\wingraph.vcxproj", "{20220324-0000-0000-0000-10334500AA00}"
EndProject
Project("{8BC9CEB8-8B4A-11D0-8D11-00A0C91BC942}") = "Patcher", "Patcher\Patcher.vcxproj", "{541C6321-E2F5-C88A-E78C-6C149922B2E7}"
EndProject
Project("{8BC9CEB8-8B4A-11D0-8D11-00A0C91BC942}") = "PogyGDI", "PogyGDI\PogyGDI.vcxproj", "{25D93C8D-5D27-53BF-3D22-D013987DF1F4}"
EndProject
Project("{8BC9CEB8-8B4A-11D0-8D11-00A0C91BC942}") = "Skimmer", "Skimmer\Skimmer.vcxproj", "{5A318043-264E-5DD7-0E9B-55BE54B201A7}"
EndProject
Global
	GlobalSection(SolutionConfigurationPlatforms) = preSolution
		Debug|Win32 = Debug|Win32
		Release|Win32 = Release|Win32
		Unicode Debug|Win32 = Unicode Debug|Win32
		Unicode Release|Win32 = Unicode Release|Win32
	EndGlobalSection
	GlobalSection(ProjectConfigurationPlatforms) = postSolution
		{2E41E574-B85F-6D66-0902-E382F149A99E}.Debug|Win32.ActiveCfg = Debug|Win32
		{2E41E574-B85F-6D66-0902-E382F149A99E}.Debug|Win32.Build.0 = Debug|Win32
		{2E41E574-B85F-6D66-0902-E382F149A99E}.Release|Win32.ActiveCfg = Release|Win32
		{2E41E574-B85F-6D66-0902-E382F149A99E}.Release|Win32.Build.0 = Release|Win32
		{2E41E574-B85F-6D66-0902-E382F149A99E}.Unicode Debug|Win32.ActiveCfg = Debug|Win32
		{2E41E574-B85F-6D66-0902-E382F149A99E}.Unicode Debug|Win32.Build.0 = Debug|Win32
		{2E41E574-B85F-6D66-0902-E382F149A99E}.Unicode Release|Win32.ActiveCfg = Release|Win32
		{2E41E574-B85F-6D66-0902-E382F149A99E}.Unicode Release|Win32.Build.0 = Release|Win32
		{DAE6A5D3-7D33-2436-CBFA-22ECF16B278D}.Debug|Win32.ActiveCfg = Debug|Win32
		{DAE6A5D3-7D33-2436-CBFA-22ECF16B278D}.Debug|Win32.Build.0 = Debug|Win32
		{DAE6A5D3-7D33-2436-CBFA-22ECF16B278D}.Release|Win32.ActiveCfg = Release|Win32
		{DAE6A5D3-7D33-2436-CBFA-22ECF16B278D}.Release|Win32.Build.0 = Release|Win32
		{DAE6A5D3-7D33-2436-CBFA-22ECF16B278D}.Unicode Debug|Win32.ActiveCfg = Debug|Win32
		{DAE6A5D3-7D33-2436-CBFA-22ECF16B278D}.Unicode Debug|Win32.Build.0 = Debug|Win32
		{DAE6A5D3-7D33-2436-CBFA-22ECF16B278D}.Unicode Release|Win32.ActiveCfg = Release|Win32
		{DAE6A5D3-7D33-2436-CBFA-22ECF16B278D}.Unicode Release|Win32.Build.0 = Release|Win32
		{20220324-0000-0000-0000-10334500AA00}.Debug|Win32.ActiveCfg = Debug|Win32
		{20220324-0000-0000-0000-10334500AA00}.Debug|Win32.Build.0 = Debug|Win32
		{20220324-0000-0000-0000-10334500AA00}.Release|Win32.ActiveCfg = Release|Win32
		{20220324-0000-0000-0000-10334500AA00}.Release|Win32.Build.0 = Release|Win32
		{20220324-0000-0000-0000-10334500AA00}.Unicode Debug|Win32.ActiveCfg = Unicode Debug|Win32
		{20220324-0000-0000-0000-10334500AA00}.Unicode Debug|Win32.Build.0 = Unicode Debug|Win32
		{20220324-0000-0000-0000-10334500AA00}.Unicode Release|Win32.ActiveCfg = Unicode Release|Win32
		{20220324-0000-0000-0000-10334500AA00}.Unicode Release|Win32.Build.0 = Unicode Release|Win32
		{541C6321-E2F5-C88A-E78C-6C149922B2E7}.Debug|Win32.ActiveCfg = Debug|Win32
		{541C6321-E2F5-C88A-E78C-6C149922B2E7}.Debug|Win32.Build.0 = Debug|Win32
		{541C6321-E2F5-C88A-E78C-6C149922B2E7}.Release|Win32.ActiveCfg = Release|Win32
		{541C6321-E2F5-C88A-E78C-6C149922B2E7}.Release|Win32.Build.0 = Release|Win32
		{541C6321-E2F5-C88A-E78C-6C149922B2E7}.Unicode Debug|Win32.ActiveCfg = Debug|Win32
		{541C6321-E2F5-C88A-E78C-6C149922B2E7}.Unicode Debug|Win32.Build.0 = Debug|Win32
		{541C6321-E2F5-C88A-E78C-6C149922B2E7}.Unicode Release|Win32.ActiveCfg = Release|Win32
		{541C6321-E2F5-C88A-E78C-6C149922B2E7}.Unicode Release|Win32.Build.0 = Release|Win32
		{25D93C8D-5D27-53BF-3D22-D013987DF1F4}.Debug|Win32.ActiveCfg = Debug|Win32
		{25D93C8D-5D27-53BF-3D22-D013987DF1F4}.Debug|Win32.Build.0 = Debug|Win32
		{25D93C8D-5D27-53BF-3D22-D013987DF1F4}.Release|Win32.ActiveCfg = Release|Win32
		{25D93C8D-5D27-53BF-3D22-D013987DF1F4}.Release|Win32.Build.0 = Release|Win32
		{25D93C8D-5D27-53BF-3D22-D013987DF1F4}.Unicode Debug|Win32.ActiveCfg = Debug|Win32
		{25D93C8D-5D27-53BF-3D22-D013987DF1F4}.Unicode Debug|Win32.Build.0 = Debug|Win32
		{25D93C8D-5D27-53BF-3D22-D013987DF1F4}.Unicode Release|Win32.ActiveCfg = Release|Win32
		{25D93C8D-5D27-53BF-3D22-D013987DF1F4}.Unicode Release|Win32.Build.0 = Release|Win32
		{5A318043-264E-5DD7-0E9B-55BE54B201A7}.Debug|Win32.ActiveCfg = Debug|Win32
		{5A318043-264E-5DD7-0E9B-55BE54B201A7}.Debug|Win32.Build.0 = Debug|Win32
		{5A318043-264E-5DD7-0E9B-55BE54B201A7}.Release|Win32.ActiveCfg = Release|Win32
		{5A318043-264E-5DD7-0E9B-55BE54B201A7}.Release|Win32.Build.0 = Release|Win32
		{5A318043-264E-5DD7-0E9B-55BE54B201A7}.Unicode Debug|Win32.ActiveCfg = Debug|Win32
		{5A318043-264E-5DD7-0E9B-55BE54B201A7}.Unicode Debug|Win32.Build.0 = Debug|Win32
		{5A318043-264E-5DD7-0E9B-55BE54B201A7}.Unicode Release|Win32.ActiveCfg = Release|Win32
		{5A318043-264E-5DD7-0E9B-55BE54B201A7}.Unicode Release|Win32.Build.0 = Release|Win32
	EndGlobalSection
	GlobalSection(SolutionProperties) = preSolution
		HideSolutionNode = FALSE
	EndGlobalSection
EndGlobal
