
Microsoft Visual Studio Solution File, Format Version 11.00
# Visual Studio 2010
Project("{8BC9CEB8-8B4A-11D0-8D11-00A0C91BC942}") = "AdvBitmap", "AdvBitmap\AdvBitmap.vcxproj", "{F18B3F36-C01D-91E8-8E08-8E6FF201CFD2}"
EndProject
Project("{8BC9CEB8-8B4A-11D0-8D11-00A0C91BC942}") = "wingraph", "..\include\wingraph\wingraph.vcxproj", "{227E3A6E-D602-241F-9C67-C45C9E248700}"
EndProject
Global
	GlobalSection(SolutionConfigurationPlatforms) = preSolution
		Debug|Win32 = Debug|Win32
		Release|Win32 = Release|Win32
		Unicode Debug|Win32 = Unicode Debug|Win32
		Unicode Release|Win32 = Unicode Release|Win32
	EndGlobalSection
	GlobalSection(ProjectConfigurationPlatforms) = postSolution
		{F18B3F36-C01D-91E8-8E08-8E6FF201CFD2}.Debug|Win32.ActiveCfg = Debug|Win32
		{F18B3F36-C01D-91E8-8E08-8E6FF201CFD2}.Debug|Win32.Build.0 = Debug|Win32
		{F18B3F36-C01D-91E8-8E08-8E6FF201CFD2}.Release|Win32.ActiveCfg = Release|Win32
		{F18B3F36-C01D-91E8-8E08-8E6FF201CFD2}.Release|Win32.Build.0 = Release|Win32
		{F18B3F36-C01D-91E8-8E08-8E6FF201CFD2}.Unicode Debug|Win32.ActiveCfg = Debug|Win32
		{F18B3F36-C01D-91E8-8E08-8E6FF201CFD2}.Unicode Debug|Win32.Build.0 = Debug|Win32
		{F18B3F36-C01D-91E8-8E08-8E6FF201CFD2}.Unicode Release|Win32.ActiveCfg = Release|Win32
		{F18B3F36-C01D-91E8-8E08-8E6FF201CFD2}.Unicode Release|Win32.Build.0 = Release|Win32
		{227E3A6E-D602-241F-9C67-C45C9E248700}.Debug|Win32.ActiveCfg = Debug|Win32
		{227E3A6E-D602-241F-9C67-C45C9E248700}.Debug|Win32.Build.0 = Debug|Win32
		{227E3A6E-D602-241F-9C67-C45C9E248700}.Release|Win32.ActiveCfg = Release|Win32
		{227E3A6E-D602-241F-9C67-C45C9E248700}.Release|Win32.Build.0 = Release|Win32
		{227E3A6E-D602-241F-9C67-C45C9E248700}.Unicode Debug|Win32.ActiveCfg = Unicode Debug|Win32
		{227E3A6E-D602-241F-9C67-C45C9E248700}.Unicode Debug|Win32.Build.0 = Unicode Debug|Win32
		{227E3A6E-D602-241F-9C67-C45C9E248700}.Unicode Release|Win32.ActiveCfg = Unicode Release|Win32
		{227E3A6E-D602-241F-9C67-C45C9E248700}.Unicode Release|Win32.Build.0 = Unicode Release|Win32
	EndGlobalSection
	GlobalSection(SolutionProperties) = preSolution
		HideSolutionNode = FALSE
	EndGlobalSection
EndGlobal
