
Microsoft Visual Studio Solution File, Format Version 12.00
# Visual Studio Version 16
VisualStudioVersion = 16.0.32002.261
MinimumVisualStudioVersion = 10.0.40219.1
Project("{8BC9CEB8-8B4A-11D0-8D11-00A0C91BC942}") = "DigClock", "DigClock\DigClock.vcxproj", "{41D45A9C-DEFC-816F-2D89-79134577F11A}"
EndProject
Project("{8BC9CEB8-8B4A-11D0-8D11-00A0C91BC942}") = "DigClock-chj-vsnew", "DigClock-chj\DigClock-chj.vsnew.vcxproj", "{9BD5D62B-D7AA-A925-811C-89D3CC1EDF66}"
EndProject
Global
	GlobalSection(SolutionConfigurationPlatforms) = preSolution
		Debug|ARM64 = Debug|ARM64
		Debug|Win32 = Debug|Win32
		Debug|x64 = Debug|x64
		Release|ARM64 = Release|ARM64
		Release|Win32 = Release|Win32
		Release|x64 = Release|x64
	EndGlobalSection
	GlobalSection(ProjectConfigurationPlatforms) = postSolution
		{41D45A9C-DEFC-816F-2D89-79134577F11A}.Debug|ARM64.ActiveCfg = Debug|ARM64
		{41D45A9C-DEFC-816F-2D89-79134577F11A}.Debug|ARM64.Build.0 = Debug|ARM64
		{41D45A9C-DEFC-816F-2D89-79134577F11A}.Debug|Win32.ActiveCfg = Debug|Win32
		{41D45A9C-DEFC-816F-2D89-79134577F11A}.Debug|Win32.Build.0 = Debug|Win32
		{41D45A9C-DEFC-816F-2D89-79134577F11A}.Debug|x64.ActiveCfg = Debug|x64
		{41D45A9C-DEFC-816F-2D89-79134577F11A}.Debug|x64.Build.0 = Debug|x64
		{41D45A9C-DEFC-816F-2D89-79134577F11A}.Release|ARM64.ActiveCfg = Release|ARM64
		{41D45A9C-DEFC-816F-2D89-79134577F11A}.Release|ARM64.Build.0 = Release|ARM64
		{41D45A9C-DEFC-816F-2D89-79134577F11A}.Release|Win32.ActiveCfg = Release|Win32
		{41D45A9C-DEFC-816F-2D89-79134577F11A}.Release|Win32.Build.0 = Release|Win32
		{41D45A9C-DEFC-816F-2D89-79134577F11A}.Release|x64.ActiveCfg = Release|x64
		{41D45A9C-DEFC-816F-2D89-79134577F11A}.Release|x64.Build.0 = Release|x64
		{9BD5D62B-D7AA-A925-811C-89D3CC1EDF66}.Debug|ARM64.ActiveCfg = Debug|ARM64
		{9BD5D62B-D7AA-A925-811C-89D3CC1EDF66}.Debug|ARM64.Build.0 = Debug|ARM64
		{9BD5D62B-D7AA-A925-811C-89D3CC1EDF66}.Debug|Win32.ActiveCfg = Debug|Win32
		{9BD5D62B-D7AA-A925-811C-89D3CC1EDF66}.Debug|Win32.Build.0 = Debug|Win32
		{9BD5D62B-D7AA-A925-811C-89D3CC1EDF66}.Debug|x64.ActiveCfg = Debug|x64
		{9BD5D62B-D7AA-A925-811C-89D3CC1EDF66}.Debug|x64.Build.0 = Debug|x64
		{9BD5D62B-D7AA-A925-811C-89D3CC1EDF66}.Release|ARM64.ActiveCfg = Release|ARM64
		{9BD5D62B-D7AA-A925-811C-89D3CC1EDF66}.Release|ARM64.Build.0 = Release|ARM64
		{9BD5D62B-D7AA-A925-811C-89D3CC1EDF66}.Release|Win32.ActiveCfg = Release|Win32
		{9BD5D62B-D7AA-A925-811C-89D3CC1EDF66}.Release|Win32.Build.0 = Release|Win32
		{9BD5D62B-D7AA-A925-811C-89D3CC1EDF66}.Release|x64.ActiveCfg = Release|x64
		{9BD5D62B-D7AA-A925-811C-89D3CC1EDF66}.Release|x64.Build.0 = Release|x64
	EndGlobalSection
	GlobalSection(SolutionProperties) = preSolution
		HideSolutionNode = FALSE
	EndGlobalSection
	GlobalSection(ExtensibilityGlobals) = postSolution
		SolutionGuid = {E1F2218B-8E41-455D-931C-A93A29371038}
	EndGlobalSection
EndGlobal
