<?xml version="1.0" encoding="utf-8"?>
<Project ToolsVersion="4.0" xmlns="http://schemas.microsoft.com/developer/msbuild/2003">
  <ItemGroup>
    <ClCompile Include="TokenMaster.cpp" />
    <ClCompile Include="TokenMaster-helper.cpp" />
    <ClCompile Include="DaclPage.cpp" />
    <ClCompile Include="DumpInfo.cpp" />
    <ClCompile Include="..\chjutils\chjutils.cpp">
      <Filter>chjutils</Filter>
    </ClCompile>
    <ClCompile Include="..\..\share\vaDbg.cpp">
      <Filter>chjutils</Filter>
    </ClCompile>
    <ClCompile Include="..\..\__WinConst\itc\InterpretConst.cpp">
      <Filter>chjutils</Filter>
    </ClCompile>
    <ClCompile Include="..\..\__WinConst\mswin\winnt.itc.cpp" />
    <ClCompile Include="..\chjutils\ch10-DumpSD.cpp">
      <Filter>chjutils</Filter>
    </ClCompile>
  </ItemGroup>
  <ItemGroup>
    <ClInclude Include="Resource.h" />
    <ClInclude Include="TokenMaster-helper.h" />
    <ClInclude Include="shareinc.h" />
    <ClInclude Include="DumpInfo.h" />
    <ClInclude Include="DaclPage.h" />
    <ClInclude Include="..\chjutils\chjutils.h">
      <Filter>chjutils</Filter>
    </ClInclude>
    <ClInclude Include="..\..\share\vaDbg.h">
      <Filter>chjutils</Filter>
    </ClInclude>
    <ClInclude Include="..\..\__WinConst\itc\InterpretConst.h">
      <Filter>chjutils</Filter>
    </ClInclude>
    <ClInclude Include="..\chjutils\ch10-DumpSD.h">
      <Filter>chjutils</Filter>
    </ClInclude>
  </ItemGroup>
  <ItemGroup>
    <ResourceCompile Include="TokenMaster.rc" />
  </ItemGroup>
  <ItemGroup>
    <None Include="TokenMaster.ico" />
  </ItemGroup>
  <ItemGroup>
    <Filter Include="chjutils">
      <UniqueIdentifier>{efa9584e-2414-4536-b53b-6da14c9ff7a2}</UniqueIdentifier>
    </Filter>
  </ItemGroup>
</Project>