
Microsoft Visual Studio Solution File, Format Version 11.00
# Visual Studio 2010
Project("{8BC9CEB8-8B4A-11D0-8D11-00A0C91BC942}") = "22 DIPS", "22 DIPS.vcxproj", "{9819AB02-44B8-26AF-11F5-AD40D025A389}"
	ProjectSection(ProjectDependencies) = postProject
		{3FBCA3BB-B782-ABE6-FD7E-AAF014EE7154} = {3FBCA3BB-B782-ABE6-FD7E-AAF014EE7154}
	EndProjectSection
EndProject
Project("{8BC9CEB8-8B4A-11D0-8D11-00A0C91BC942}") = "22 DIPSLib", "..\22-DIPSLib\22 DIPSLib.vcxproj", "{3FBCA3BB-B782-ABE6-FD7E-AAF014EE7154}"
EndProject
Global
	GlobalSection(SolutionConfigurationPlatforms) = preSolution
		Debug|Win32 = Debug|Win32
		Debug|x64 = Debug|x64
		Release|Win32 = Release|Win32
		Release|x64 = Release|x64
		Template|Win32 = Template|Win32
		Template|x64 = Template|x64
	EndGlobalSection
	GlobalSection(ProjectConfigurationPlatforms) = postSolution
		{9819AB02-44B8-26AF-11F5-AD40D025A389}.Debug|Win32.ActiveCfg = Debug|Win32
		{9819AB02-44B8-26AF-11F5-AD40D025A389}.Debug|Win32.Build.0 = Debug|Win32
		{9819AB02-44B8-26AF-11F5-AD40D025A389}.Debug|x64.ActiveCfg = Debug|x64
		{9819AB02-44B8-26AF-11F5-AD40D025A389}.Debug|x64.Build.0 = Debug|x64
		{9819AB02-44B8-26AF-11F5-AD40D025A389}.Release|Win32.ActiveCfg = Release|Win32
		{9819AB02-44B8-26AF-11F5-AD40D025A389}.Release|Win32.Build.0 = Release|Win32
		{9819AB02-44B8-26AF-11F5-AD40D025A389}.Release|x64.ActiveCfg = Release|x64
		{9819AB02-44B8-26AF-11F5-AD40D025A389}.Release|x64.Build.0 = Release|x64
		{9819AB02-44B8-26AF-11F5-AD40D025A389}.Template|Win32.ActiveCfg = Release|Win32
		{9819AB02-44B8-26AF-11F5-AD40D025A389}.Template|Win32.Build.0 = Release|Win32
		{9819AB02-44B8-26AF-11F5-AD40D025A389}.Template|x64.ActiveCfg = Release|x64
		{9819AB02-44B8-26AF-11F5-AD40D025A389}.Template|x64.Build.0 = Release|x64
		{3FBCA3BB-B782-ABE6-FD7E-AAF014EE7154}.Debug|Win32.ActiveCfg = Debug|Win32
		{3FBCA3BB-B782-ABE6-FD7E-AAF014EE7154}.Debug|Win32.Build.0 = Debug|Win32
		{3FBCA3BB-B782-ABE6-FD7E-AAF014EE7154}.Debug|x64.ActiveCfg = Debug|x64
		{3FBCA3BB-B782-ABE6-FD7E-AAF014EE7154}.Debug|x64.Build.0 = Debug|x64
		{3FBCA3BB-B782-ABE6-FD7E-AAF014EE7154}.Release|Win32.ActiveCfg = Release|Win32
		{3FBCA3BB-B782-ABE6-FD7E-AAF014EE7154}.Release|Win32.Build.0 = Release|Win32
		{3FBCA3BB-B782-ABE6-FD7E-AAF014EE7154}.Release|x64.ActiveCfg = Release|x64
		{3FBCA3BB-B782-ABE6-FD7E-AAF014EE7154}.Release|x64.Build.0 = Release|x64
		{3FBCA3BB-B782-ABE6-FD7E-AAF014EE7154}.Template|Win32.ActiveCfg = Release|x64
		{3FBCA3BB-B782-ABE6-FD7E-AAF014EE7154}.Template|x64.ActiveCfg = Release|x64
		{3FBCA3BB-B782-ABE6-FD7E-AAF014EE7154}.Template|x64.Build.0 = Release|x64
	EndGlobalSection
	GlobalSection(SolutionProperties) = preSolution
		HideSolutionNode = FALSE
	EndGlobalSection
EndGlobal
