
Microsoft Visual Studio Solution File, Format Version 11.00
# Visual Studio 2010
Project("{8BC9CEB8-8B4A-11D0-8D11-00A0C91BC942}") = "HelloClient", "Client\HelloClient.vcxproj", "{E24C2C1B-3485-4ED0-1689-AFDDE8FE0389}"
EndProject
Project("{8BC9CEB8-8B4A-11D0-8D11-00A0C91BC942}") = "HelloServer", "Server\HelloServer.vcxproj", "{51287F64-170F-1768-A9A4-2CA86E14A1BD}"
EndProject
Global
	GlobalSection(SolutionConfigurationPlatforms) = preSolution
		Debug|Win32 = Debug|Win32
		Debug|x64 = Debug|x64
		Release|Win32 = Release|Win32
		Release|x64 = Release|x64
	EndGlobalSection
	GlobalSection(ProjectConfigurationPlatforms) = postSolution
		{E24C2C1B-3485-4ED0-1689-AFDDE8FE0389}.Debug|Win32.ActiveCfg = Debug|Win32
		{E24C2C1B-3485-4ED0-1689-AFDDE8FE0389}.Debug|Win32.Build.0 = Debug|Win32
		{E24C2C1B-3485-4ED0-1689-AFDDE8FE0389}.Debug|x64.ActiveCfg = Debug|Win32
		{E24C2C1B-3485-4ED0-1689-AFDDE8FE0389}.Release|Win32.ActiveCfg = Release|Win32
		{E24C2C1B-3485-4ED0-1689-AFDDE8FE0389}.Release|Win32.Build.0 = Release|Win32
		{E24C2C1B-3485-4ED0-1689-AFDDE8FE0389}.Release|x64.ActiveCfg = Release|Win32
		{51287F64-170F-1768-A9A4-2CA86E14A1BD}.Debug|Win32.ActiveCfg = Debug|Win32
		{51287F64-170F-1768-A9A4-2CA86E14A1BD}.Debug|Win32.Build.0 = Debug|Win32
		{51287F64-170F-1768-A9A4-2CA86E14A1BD}.Debug|x64.ActiveCfg = Debug|Win32
		{51287F64-170F-1768-A9A4-2CA86E14A1BD}.Release|Win32.ActiveCfg = Release|Win32
		{51287F64-170F-1768-A9A4-2CA86E14A1BD}.Release|Win32.Build.0 = Release|Win32
		{51287F64-170F-1768-A9A4-2CA86E14A1BD}.Release|x64.ActiveCfg = Release|Win32
	EndGlobalSection
	GlobalSection(SolutionProperties) = preSolution
		HideSolutionNode = FALSE
	EndGlobalSection
EndGlobal
